// !$*UTF8*$!
{
	archiveVersion = 1;
	classes = {
	};
	objectVersion = 46;
	objects = {

/* Begin PBXBuildFile section */
		836BEC981B3DCC44001D0A8C /* Info.plist in Resources */ = {isa = PBXBuildFile; fileRef = 836BEBF91B3DCC44001D0A8C /* Info.plist */; };
		836BEC991B3DCC44001D0A8C /* MTApiEnvironment.h in Headers */ = {isa = PBXBuildFile; fileRef = 836BEBFA1B3DCC44001D0A8C /* MTApiEnvironment.h */; };
		836BEC9A1B3DCC44001D0A8C /* MTApiEnvironment.m in Sources */ = {isa = PBXBuildFile; fileRef = 836BEBFB1B3DCC44001D0A8C /* MTApiEnvironment.m */; };
		836BEC9B1B3DCC44001D0A8C /* MTBadMsgNotificationMessage.h in Headers */ = {isa = PBXBuildFile; fileRef = 836BEBFC1B3DCC44001D0A8C /* MTBadMsgNotificationMessage.h */; };
		836BEC9C1B3DCC44001D0A8C /* MTBadMsgNotificationMessage.m in Sources */ = {isa = PBXBuildFile; fileRef = 836BEBFD1B3DCC44001D0A8C /* MTBadMsgNotificationMessage.m */; };
		836BEC9D1B3DCC44001D0A8C /* MTBuffer.h in Headers */ = {isa = PBXBuildFile; fileRef = 836BEBFE1B3DCC44001D0A8C /* MTBuffer.h */; };
		836BEC9E1B3DCC44001D0A8C /* MTBuffer.m in Sources */ = {isa = PBXBuildFile; fileRef = 836BEBFF1B3DCC44001D0A8C /* MTBuffer.m */; };
		836BEC9F1B3DCC44001D0A8C /* MTBufferReader.h in Headers */ = {isa = PBXBuildFile; fileRef = 836BEC001B3DCC44001D0A8C /* MTBufferReader.h */; };
		836BECA01B3DCC44001D0A8C /* MTBufferReader.m in Sources */ = {isa = PBXBuildFile; fileRef = 836BEC011B3DCC44001D0A8C /* MTBufferReader.m */; };
		836BECA11B3DCC44001D0A8C /* MTContext.h in Headers */ = {isa = PBXBuildFile; fileRef = 836BEC021B3DCC44001D0A8C /* MTContext.h */; };
		836BECA21B3DCC44001D0A8C /* MTContext.m in Sources */ = {isa = PBXBuildFile; fileRef = 836BEC031B3DCC44001D0A8C /* MTContext.m */; };
		836BECA31B3DCC44001D0A8C /* MTDatacenterAddress.h in Headers */ = {isa = PBXBuildFile; fileRef = 836BEC041B3DCC44001D0A8C /* MTDatacenterAddress.h */; };
		836BECA41B3DCC44001D0A8C /* MTDatacenterAddress.m in Sources */ = {isa = PBXBuildFile; fileRef = 836BEC051B3DCC44001D0A8C /* MTDatacenterAddress.m */; };
		836BECA51B3DCC44001D0A8C /* MTDatacenterAddressListData.h in Headers */ = {isa = PBXBuildFile; fileRef = 836BEC061B3DCC44001D0A8C /* MTDatacenterAddressListData.h */; };
		836BECA61B3DCC44001D0A8C /* MTDatacenterAddressListData.m in Sources */ = {isa = PBXBuildFile; fileRef = 836BEC071B3DCC44001D0A8C /* MTDatacenterAddressListData.m */; };
		836BECA71B3DCC44001D0A8C /* MTDatacenterAddressSet.h in Headers */ = {isa = PBXBuildFile; fileRef = 836BEC081B3DCC44001D0A8C /* MTDatacenterAddressSet.h */; };
		836BECA81B3DCC44001D0A8C /* MTDatacenterAddressSet.m in Sources */ = {isa = PBXBuildFile; fileRef = 836BEC091B3DCC44001D0A8C /* MTDatacenterAddressSet.m */; };
		836BECA91B3DCC44001D0A8C /* MTDatacenterAuthAction.h in Headers */ = {isa = PBXBuildFile; fileRef = 836BEC0A1B3DCC44001D0A8C /* MTDatacenterAuthAction.h */; };
		836BECAA1B3DCC44001D0A8C /* MTDatacenterAuthAction.m in Sources */ = {isa = PBXBuildFile; fileRef = 836BEC0B1B3DCC44001D0A8C /* MTDatacenterAuthAction.m */; };
		836BECAB1B3DCC44001D0A8C /* MTDatacenterAuthInfo.h in Headers */ = {isa = PBXBuildFile; fileRef = 836BEC0C1B3DCC44001D0A8C /* MTDatacenterAuthInfo.h */; };
		836BECAC1B3DCC44001D0A8C /* MTDatacenterAuthInfo.m in Sources */ = {isa = PBXBuildFile; fileRef = 836BEC0D1B3DCC44001D0A8C /* MTDatacenterAuthInfo.m */; };
		836BECAD1B3DCC44001D0A8C /* MTDatacenterAuthMessageService.h in Headers */ = {isa = PBXBuildFile; fileRef = 836BEC0E1B3DCC44001D0A8C /* MTDatacenterAuthMessageService.h */; };
		836BECAE1B3DCC44001D0A8C /* MTDatacenterAuthMessageService.m in Sources */ = {isa = PBXBuildFile; fileRef = 836BEC0F1B3DCC44001D0A8C /* MTDatacenterAuthMessageService.m */; };
		836BECAF1B3DCC44001D0A8C /* MTDatacenterSaltInfo.h in Headers */ = {isa = PBXBuildFile; fileRef = 836BEC101B3DCC44001D0A8C /* MTDatacenterSaltInfo.h */; };
		836BECB01B3DCC44001D0A8C /* MTDatacenterSaltInfo.m in Sources */ = {isa = PBXBuildFile; fileRef = 836BEC111B3DCC44001D0A8C /* MTDatacenterSaltInfo.m */; };
		836BECB11B3DCC44001D0A8C /* MTDatacenterTransferAuthAction.h in Headers */ = {isa = PBXBuildFile; fileRef = 836BEC121B3DCC44001D0A8C /* MTDatacenterTransferAuthAction.h */; };
		836BECB21B3DCC44001D0A8C /* MTDatacenterTransferAuthAction.m in Sources */ = {isa = PBXBuildFile; fileRef = 836BEC131B3DCC44001D0A8C /* MTDatacenterTransferAuthAction.m */; };
		836BECB31B3DCC44001D0A8C /* MTDestroySessionResponseMessage.h in Headers */ = {isa = PBXBuildFile; fileRef = 836BEC141B3DCC44001D0A8C /* MTDestroySessionResponseMessage.h */; };
		836BECB41B3DCC44001D0A8C /* MTDestroySessionResponseMessage.m in Sources */ = {isa = PBXBuildFile; fileRef = 836BEC151B3DCC44001D0A8C /* MTDestroySessionResponseMessage.m */; };
		836BECB51B3DCC44001D0A8C /* MTDiscoverConnectionSignals.h in Headers */ = {isa = PBXBuildFile; fileRef = 836BEC161B3DCC44001D0A8C /* MTDiscoverConnectionSignals.h */; };
		836BECB61B3DCC44001D0A8C /* MTDiscoverConnectionSignals.m in Sources */ = {isa = PBXBuildFile; fileRef = 836BEC171B3DCC44001D0A8C /* MTDiscoverConnectionSignals.m */; };
		836BECB71B3DCC44001D0A8C /* MTDiscoverDatacenterAddressAction.h in Headers */ = {isa = PBXBuildFile; fileRef = 836BEC181B3DCC44001D0A8C /* MTDiscoverDatacenterAddressAction.h */; };
		836BECB81B3DCC44001D0A8C /* MTDiscoverDatacenterAddressAction.m in Sources */ = {isa = PBXBuildFile; fileRef = 836BEC191B3DCC44001D0A8C /* MTDiscoverDatacenterAddressAction.m */; };
		836BECB91B3DCC44001D0A8C /* MTDropResponseContext.h in Headers */ = {isa = PBXBuildFile; fileRef = 836BEC1A1B3DCC44001D0A8C /* MTDropResponseContext.h */; };
		836BECBA1B3DCC44001D0A8C /* MTDropResponseContext.m in Sources */ = {isa = PBXBuildFile; fileRef = 836BEC1B1B3DCC44001D0A8C /* MTDropResponseContext.m */; };
		836BECBB1B3DCC44001D0A8C /* MTDropRpcResultMessage.h in Headers */ = {isa = PBXBuildFile; fileRef = 836BEC1C1B3DCC44001D0A8C /* MTDropRpcResultMessage.h */; };
		836BECBC1B3DCC44001D0A8C /* MTDropRpcResultMessage.m in Sources */ = {isa = PBXBuildFile; fileRef = 836BEC1D1B3DCC44001D0A8C /* MTDropRpcResultMessage.m */; };
		836BECBD1B3DCC44001D0A8C /* MTEncryption.h in Headers */ = {isa = PBXBuildFile; fileRef = 836BEC1E1B3DCC44001D0A8C /* MTEncryption.h */; };
		836BECBE1B3DCC44001D0A8C /* MTEncryption.m in Sources */ = {isa = PBXBuildFile; fileRef = 836BEC1F1B3DCC44001D0A8C /* MTEncryption.m */; };
		836BECBF1B3DCC44001D0A8C /* MTExportedAuthorizationData.h in Headers */ = {isa = PBXBuildFile; fileRef = 836BEC201B3DCC44001D0A8C /* MTExportedAuthorizationData.h */; };
		836BECC01B3DCC44001D0A8C /* MTExportedAuthorizationData.m in Sources */ = {isa = PBXBuildFile; fileRef = 836BEC211B3DCC44001D0A8C /* MTExportedAuthorizationData.m */; };
		836BECC11B3DCC44001D0A8C /* MTFutureSaltsMessage.h in Headers */ = {isa = PBXBuildFile; fileRef = 836BEC221B3DCC44001D0A8C /* MTFutureSaltsMessage.h */; };
		836BECC21B3DCC44001D0A8C /* MTFutureSaltsMessage.m in Sources */ = {isa = PBXBuildFile; fileRef = 836BEC231B3DCC44001D0A8C /* MTFutureSaltsMessage.m */; };
		836BECC31B3DCC44001D0A8C /* MTHttpTransport.h in Headers */ = {isa = PBXBuildFile; fileRef = 836BEC241B3DCC44001D0A8C /* MTHttpTransport.h */; };
		836BECC41B3DCC44001D0A8C /* MTHttpTransport.m in Sources */ = {isa = PBXBuildFile; fileRef = 836BEC251B3DCC44001D0A8C /* MTHttpTransport.m */; };
		836BECC51B3DCC44001D0A8C /* MTHttpWorker.h in Headers */ = {isa = PBXBuildFile; fileRef = 836BEC261B3DCC44001D0A8C /* MTHttpWorker.h */; };
		836BECC61B3DCC44001D0A8C /* MTHttpWorker.m in Sources */ = {isa = PBXBuildFile; fileRef = 836BEC271B3DCC44001D0A8C /* MTHttpWorker.m */; };
		836BECC71B3DCC44001D0A8C /* MTHttpWorkerBehaviour.h in Headers */ = {isa = PBXBuildFile; fileRef = 836BEC281B3DCC44001D0A8C /* MTHttpWorkerBehaviour.h */; };
		836BECC81B3DCC44001D0A8C /* MTHttpWorkerBehaviour.m in Sources */ = {isa = PBXBuildFile; fileRef = 836BEC291B3DCC44001D0A8C /* MTHttpWorkerBehaviour.m */; };
		836BECC91B3DCC44001D0A8C /* MTIncomingMessage.h in Headers */ = {isa = PBXBuildFile; fileRef = 836BEC2A1B3DCC44001D0A8C /* MTIncomingMessage.h */; };
		836BECCA1B3DCC44001D0A8C /* MTIncomingMessage.m in Sources */ = {isa = PBXBuildFile; fileRef = 836BEC2B1B3DCC44001D0A8C /* MTIncomingMessage.m */; };
		836BECCB1B3DCC44001D0A8C /* MTInputStream.h in Headers */ = {isa = PBXBuildFile; fileRef = 836BEC2C1B3DCC44001D0A8C /* MTInputStream.h */; };
		836BECCC1B3DCC44001D0A8C /* MTInputStream.m in Sources */ = {isa = PBXBuildFile; fileRef = 836BEC2D1B3DCC44001D0A8C /* MTInputStream.m */; };
		836BECCD1B3DCC44001D0A8C /* MTInternalId.h in Headers */ = {isa = PBXBuildFile; fileRef = 836BEC2E1B3DCC44001D0A8C /* MTInternalId.h */; };
		836BECCE1B3DCC44001D0A8C /* MTInternalMessageParser.h in Headers */ = {isa = PBXBuildFile; fileRef = 836BEC2F1B3DCC44001D0A8C /* MTInternalMessageParser.h */; };
		836BECCF1B3DCC44001D0A8C /* MTInternalMessageParser.m in Sources */ = {isa = PBXBuildFile; fileRef = 836BEC301B3DCC44001D0A8C /* MTInternalMessageParser.m */; };
		836BECD01B3DCC44001D0A8C /* MTKeychain.h in Headers */ = {isa = PBXBuildFile; fileRef = 836BEC311B3DCC44001D0A8C /* MTKeychain.h */; };
		836BECD11B3DCC44001D0A8C /* MTKeychain.m in Sources */ = {isa = PBXBuildFile; fileRef = 836BEC321B3DCC44001D0A8C /* MTKeychain.m */; };
		836BECD21B3DCC44001D0A8C /* MTLogging.h in Headers */ = {isa = PBXBuildFile; fileRef = 836BEC331B3DCC44001D0A8C /* MTLogging.h */; };
		836BECD31B3DCC44001D0A8C /* MTLogging.m in Sources */ = {isa = PBXBuildFile; fileRef = 836BEC341B3DCC44001D0A8C /* MTLogging.m */; };
		836BECD41B3DCC44001D0A8C /* MTMessage.h in Headers */ = {isa = PBXBuildFile; fileRef = 836BEC351B3DCC44001D0A8C /* MTMessage.h */; };
		836BECD51B3DCC44001D0A8C /* MTMessage.m in Sources */ = {isa = PBXBuildFile; fileRef = 836BEC361B3DCC44001D0A8C /* MTMessage.m */; };
		836BECD61B3DCC44001D0A8C /* MTMessageEncryptionKey.h in Headers */ = {isa = PBXBuildFile; fileRef = 836BEC371B3DCC44001D0A8C /* MTMessageEncryptionKey.h */; };
		836BECD71B3DCC44001D0A8C /* MTMessageEncryptionKey.m in Sources */ = {isa = PBXBuildFile; fileRef = 836BEC381B3DCC44001D0A8C /* MTMessageEncryptionKey.m */; };
		836BECD81B3DCC44001D0A8C /* MTMessageService.h in Headers */ = {isa = PBXBuildFile; fileRef = 836BEC391B3DCC44001D0A8C /* MTMessageService.h */; };
		836BECD91B3DCC44001D0A8C /* MTMessageTransaction.h in Headers */ = {isa = PBXBuildFile; fileRef = 836BEC3A1B3DCC44001D0A8C /* MTMessageTransaction.h */; };
		836BECDA1B3DCC44001D0A8C /* MTMessageTransaction.m in Sources */ = {isa = PBXBuildFile; fileRef = 836BEC3B1B3DCC44001D0A8C /* MTMessageTransaction.m */; };
		836BECDB1B3DCC44001D0A8C /* MTMsgAllInfoMessage.h in Headers */ = {isa = PBXBuildFile; fileRef = 836BEC3C1B3DCC44001D0A8C /* MTMsgAllInfoMessage.h */; };
		836BECDC1B3DCC44001D0A8C /* MTMsgAllInfoMessage.m in Sources */ = {isa = PBXBuildFile; fileRef = 836BEC3D1B3DCC44001D0A8C /* MTMsgAllInfoMessage.m */; };
		836BECDD1B3DCC44001D0A8C /* MTMsgContainerMessage.h in Headers */ = {isa = PBXBuildFile; fileRef = 836BEC3E1B3DCC44001D0A8C /* MTMsgContainerMessage.h */; };
		836BECDE1B3DCC44001D0A8C /* MTMsgContainerMessage.m in Sources */ = {isa = PBXBuildFile; fileRef = 836BEC3F1B3DCC44001D0A8C /* MTMsgContainerMessage.m */; };
		836BECDF1B3DCC44001D0A8C /* MTMsgDetailedInfoMessage.h in Headers */ = {isa = PBXBuildFile; fileRef = 836BEC401B3DCC44001D0A8C /* MTMsgDetailedInfoMessage.h */; };
		836BECE01B3DCC44001D0A8C /* MTMsgDetailedInfoMessage.m in Sources */ = {isa = PBXBuildFile; fileRef = 836BEC411B3DCC44001D0A8C /* MTMsgDetailedInfoMessage.m */; };
		836BECE11B3DCC44001D0A8C /* MTMsgResendReqMessage.h in Headers */ = {isa = PBXBuildFile; fileRef = 836BEC421B3DCC44001D0A8C /* MTMsgResendReqMessage.h */; };
		836BECE21B3DCC44001D0A8C /* MTMsgResendReqMessage.m in Sources */ = {isa = PBXBuildFile; fileRef = 836BEC431B3DCC44001D0A8C /* MTMsgResendReqMessage.m */; };
		836BECE31B3DCC44001D0A8C /* MTMsgsAckMessage.h in Headers */ = {isa = PBXBuildFile; fileRef = 836BEC441B3DCC44001D0A8C /* MTMsgsAckMessage.h */; };
		836BECE41B3DCC44001D0A8C /* MTMsgsAckMessage.m in Sources */ = {isa = PBXBuildFile; fileRef = 836BEC451B3DCC44001D0A8C /* MTMsgsAckMessage.m */; };
		836BECE51B3DCC44001D0A8C /* MTMsgsStateInfoMessage.h in Headers */ = {isa = PBXBuildFile; fileRef = 836BEC461B3DCC44001D0A8C /* MTMsgsStateInfoMessage.h */; };
		836BECE61B3DCC44001D0A8C /* MTMsgsStateInfoMessage.m in Sources */ = {isa = PBXBuildFile; fileRef = 836BEC471B3DCC44001D0A8C /* MTMsgsStateInfoMessage.m */; };
		836BECE71B3DCC44001D0A8C /* MTMsgsStateReqMessage.h in Headers */ = {isa = PBXBuildFile; fileRef = 836BEC481B3DCC44001D0A8C /* MTMsgsStateReqMessage.h */; };
		836BECE81B3DCC44001D0A8C /* MTMsgsStateReqMessage.m in Sources */ = {isa = PBXBuildFile; fileRef = 836BEC491B3DCC44001D0A8C /* MTMsgsStateReqMessage.m */; };
		836BECE91B3DCC44001D0A8C /* MTNetworkAvailability.h in Headers */ = {isa = PBXBuildFile; fileRef = 836BEC4A1B3DCC44001D0A8C /* MTNetworkAvailability.h */; };
		836BECEA1B3DCC44001D0A8C /* MTNetworkAvailability.m in Sources */ = {isa = PBXBuildFile; fileRef = 836BEC4B1B3DCC44001D0A8C /* MTNetworkAvailability.m */; };
		836BECEB1B3DCC44001D0A8C /* MTNewSessionCreatedMessage.h in Headers */ = {isa = PBXBuildFile; fileRef = 836BEC4C1B3DCC44001D0A8C /* MTNewSessionCreatedMessage.h */; };
		836BECEC1B3DCC44001D0A8C /* MTNewSessionCreatedMessage.m in Sources */ = {isa = PBXBuildFile; fileRef = 836BEC4D1B3DCC44001D0A8C /* MTNewSessionCreatedMessage.m */; };
		836BECED1B3DCC44001D0A8C /* MTOutgoingMessage.h in Headers */ = {isa = PBXBuildFile; fileRef = 836BEC4E1B3DCC44001D0A8C /* MTOutgoingMessage.h */; };
		836BECEE1B3DCC44001D0A8C /* MTOutgoingMessage.m in Sources */ = {isa = PBXBuildFile; fileRef = 836BEC4F1B3DCC44001D0A8C /* MTOutgoingMessage.m */; };
		836BECEF1B3DCC44001D0A8C /* MTOutputStream.h in Headers */ = {isa = PBXBuildFile; fileRef = 836BEC501B3DCC44001D0A8C /* MTOutputStream.h */; };
		836BECF01B3DCC44001D0A8C /* MTOutputStream.m in Sources */ = {isa = PBXBuildFile; fileRef = 836BEC511B3DCC44001D0A8C /* MTOutputStream.m */; };
		836BECF11B3DCC44001D0A8C /* MTPingMessage.h in Headers */ = {isa = PBXBuildFile; fileRef = 836BEC521B3DCC44001D0A8C /* MTPingMessage.h */; };
		836BECF21B3DCC44001D0A8C /* MTPingMessage.m in Sources */ = {isa = PBXBuildFile; fileRef = 836BEC531B3DCC44001D0A8C /* MTPingMessage.m */; };
		836BECF31B3DCC44001D0A8C /* MTPongMessage.h in Headers */ = {isa = PBXBuildFile; fileRef = 836BEC541B3DCC44001D0A8C /* MTPongMessage.h */; };
		836BECF41B3DCC44001D0A8C /* MTPongMessage.m in Sources */ = {isa = PBXBuildFile; fileRef = 836BEC551B3DCC44001D0A8C /* MTPongMessage.m */; };
		836BECF51B3DCC44001D0A8C /* MTPreparedMessage.h in Headers */ = {isa = PBXBuildFile; fileRef = 836BEC561B3DCC44001D0A8C /* MTPreparedMessage.h */; };
		836BECF61B3DCC44001D0A8C /* MTPreparedMessage.m in Sources */ = {isa = PBXBuildFile; fileRef = 836BEC571B3DCC44001D0A8C /* MTPreparedMessage.m */; };
		836BECF71B3DCC44001D0A8C /* MTProto.h in Headers */ = {isa = PBXBuildFile; fileRef = 836BEC581B3DCC44001D0A8C /* MTProto.h */; };
		836BECF81B3DCC44001D0A8C /* MTProto.m in Sources */ = {isa = PBXBuildFile; fileRef = 836BEC591B3DCC44001D0A8C /* MTProto.m */; };
		836BECF91B3DCC44001D0A8C /* MTProtoKit.h in Headers */ = {isa = PBXBuildFile; fileRef = 836BEC5A1B3DCC44001D0A8C /* MTProtoKit.h */; };
		836BECFA1B3DCC44001D0A8C /* MTQueue.h in Headers */ = {isa = PBXBuildFile; fileRef = 836BEC5B1B3DCC44001D0A8C /* MTQueue.h */; };
		836BECFB1B3DCC44001D0A8C /* MTQueue.m in Sources */ = {isa = PBXBuildFile; fileRef = 836BEC5C1B3DCC44001D0A8C /* MTQueue.m */; };
		836BECFC1B3DCC44001D0A8C /* MTRequest.h in Headers */ = {isa = PBXBuildFile; fileRef = 836BEC5D1B3DCC44001D0A8C /* MTRequest.h */; };
		836BECFD1B3DCC44001D0A8C /* MTRequest.m in Sources */ = {isa = PBXBuildFile; fileRef = 836BEC5E1B3DCC44001D0A8C /* MTRequest.m */; };
		836BECFE1B3DCC44001D0A8C /* MTRequestContext.h in Headers */ = {isa = PBXBuildFile; fileRef = 836BEC5F1B3DCC44001D0A8C /* MTRequestContext.h */; };
		836BECFF1B3DCC44001D0A8C /* MTRequestContext.m in Sources */ = {isa = PBXBuildFile; fileRef = 836BEC601B3DCC44001D0A8C /* MTRequestContext.m */; };
		836BED001B3DCC44001D0A8C /* MTRequestErrorContext.h in Headers */ = {isa = PBXBuildFile; fileRef = 836BEC611B3DCC44001D0A8C /* MTRequestErrorContext.h */; };
		836BED011B3DCC44001D0A8C /* MTRequestErrorContext.m in Sources */ = {isa = PBXBuildFile; fileRef = 836BEC621B3DCC44001D0A8C /* MTRequestErrorContext.m */; };
		836BED021B3DCC44001D0A8C /* MTRequestMessageService.h in Headers */ = {isa = PBXBuildFile; fileRef = 836BEC631B3DCC44001D0A8C /* MTRequestMessageService.h */; };
		836BED031B3DCC44001D0A8C /* MTRequestMessageService.m in Sources */ = {isa = PBXBuildFile; fileRef = 836BEC641B3DCC44001D0A8C /* MTRequestMessageService.m */; };
		836BED041B3DCC44001D0A8C /* MTResendMessageService.h in Headers */ = {isa = PBXBuildFile; fileRef = 836BEC651B3DCC44001D0A8C /* MTResendMessageService.h */; };
		836BED051B3DCC44001D0A8C /* MTResendMessageService.m in Sources */ = {isa = PBXBuildFile; fileRef = 836BEC661B3DCC44001D0A8C /* MTResendMessageService.m */; };
		836BED061B3DCC44001D0A8C /* MTResPqMessage.h in Headers */ = {isa = PBXBuildFile; fileRef = 836BEC671B3DCC44001D0A8C /* MTResPqMessage.h */; };
		836BED071B3DCC44001D0A8C /* MTResPqMessage.m in Sources */ = {isa = PBXBuildFile; fileRef = 836BEC681B3DCC44001D0A8C /* MTResPqMessage.m */; };
		836BED081B3DCC44001D0A8C /* MTRpcError.h in Headers */ = {isa = PBXBuildFile; fileRef = 836BEC691B3DCC44001D0A8C /* MTRpcError.h */; };
		836BED091B3DCC44001D0A8C /* MTRpcError.m in Sources */ = {isa = PBXBuildFile; fileRef = 836BEC6A1B3DCC44001D0A8C /* MTRpcError.m */; };
		836BED0A1B3DCC44001D0A8C /* MTRpcResultMessage.h in Headers */ = {isa = PBXBuildFile; fileRef = 836BEC6B1B3DCC44001D0A8C /* MTRpcResultMessage.h */; };
		836BED0B1B3DCC44001D0A8C /* MTRpcResultMessage.m in Sources */ = {isa = PBXBuildFile; fileRef = 836BEC6C1B3DCC44001D0A8C /* MTRpcResultMessage.m */; };
		836BED0C1B3DCC44001D0A8C /* MTSerialization.h in Headers */ = {isa = PBXBuildFile; fileRef = 836BEC6D1B3DCC44001D0A8C /* MTSerialization.h */; };
		836BED0D1B3DCC44001D0A8C /* MTServerDhInnerDataMessage.h in Headers */ = {isa = PBXBuildFile; fileRef = 836BEC6E1B3DCC44001D0A8C /* MTServerDhInnerDataMessage.h */; };
		836BED0E1B3DCC44001D0A8C /* MTServerDhInnerDataMessage.m in Sources */ = {isa = PBXBuildFile; fileRef = 836BEC6F1B3DCC44001D0A8C /* MTServerDhInnerDataMessage.m */; };
		836BED0F1B3DCC44001D0A8C /* MTServerDhParamsMessage.h in Headers */ = {isa = PBXBuildFile; fileRef = 836BEC701B3DCC44001D0A8C /* MTServerDhParamsMessage.h */; };
		836BED101B3DCC44001D0A8C /* MTServerDhParamsMessage.m in Sources */ = {isa = PBXBuildFile; fileRef = 836BEC711B3DCC44001D0A8C /* MTServerDhParamsMessage.m */; };
		836BED111B3DCC44001D0A8C /* MTSessionInfo.h in Headers */ = {isa = PBXBuildFile; fileRef = 836BEC721B3DCC44001D0A8C /* MTSessionInfo.h */; };
		836BED121B3DCC44001D0A8C /* MTSessionInfo.m in Sources */ = {isa = PBXBuildFile; fileRef = 836BEC731B3DCC44001D0A8C /* MTSessionInfo.m */; };
		836BED131B3DCC44001D0A8C /* MTSetClientDhParamsResponseMessage.h in Headers */ = {isa = PBXBuildFile; fileRef = 836BEC741B3DCC44001D0A8C /* MTSetClientDhParamsResponseMessage.h */; };
		836BED141B3DCC44001D0A8C /* MTSetClientDhParamsResponseMessage.m in Sources */ = {isa = PBXBuildFile; fileRef = 836BEC751B3DCC44001D0A8C /* MTSetClientDhParamsResponseMessage.m */; };
		836BED151B3DCC44001D0A8C /* MTTcpConnection.h in Headers */ = {isa = PBXBuildFile; fileRef = 836BEC761B3DCC44001D0A8C /* MTTcpConnection.h */; };
		836BED161B3DCC44001D0A8C /* MTTcpConnection.m in Sources */ = {isa = PBXBuildFile; fileRef = 836BEC771B3DCC44001D0A8C /* MTTcpConnection.m */; };
		836BED171B3DCC44001D0A8C /* MTTcpConnectionBehaviour.h in Headers */ = {isa = PBXBuildFile; fileRef = 836BEC781B3DCC44001D0A8C /* MTTcpConnectionBehaviour.h */; };
		836BED181B3DCC44001D0A8C /* MTTcpConnectionBehaviour.m in Sources */ = {isa = PBXBuildFile; fileRef = 836BEC791B3DCC44001D0A8C /* MTTcpConnectionBehaviour.m */; };
		836BED191B3DCC44001D0A8C /* MTTcpTransport.h in Headers */ = {isa = PBXBuildFile; fileRef = 836BEC7A1B3DCC44001D0A8C /* MTTcpTransport.h */; };
		836BED1A1B3DCC44001D0A8C /* MTTcpTransport.m in Sources */ = {isa = PBXBuildFile; fileRef = 836BEC7B1B3DCC44001D0A8C /* MTTcpTransport.m */; };
		836BED1B1B3DCC44001D0A8C /* MTTime.h in Headers */ = {isa = PBXBuildFile; fileRef = 836BEC7C1B3DCC44001D0A8C /* MTTime.h */; };
		836BED1C1B3DCC44001D0A8C /* MTTime.m in Sources */ = {isa = PBXBuildFile; fileRef = 836BEC7D1B3DCC44001D0A8C /* MTTime.m */; };
		836BED1D1B3DCC44001D0A8C /* MTTimeFixContext.h in Headers */ = {isa = PBXBuildFile; fileRef = 836BEC7E1B3DCC44001D0A8C /* MTTimeFixContext.h */; };
		836BED1E1B3DCC44001D0A8C /* MTTimeFixContext.m in Sources */ = {isa = PBXBuildFile; fileRef = 836BEC7F1B3DCC44001D0A8C /* MTTimeFixContext.m */; };
		836BED1F1B3DCC44001D0A8C /* MTTimer.h in Headers */ = {isa = PBXBuildFile; fileRef = 836BEC801B3DCC44001D0A8C /* MTTimer.h */; };
		836BED201B3DCC44001D0A8C /* MTTimer.m in Sources */ = {isa = PBXBuildFile; fileRef = 836BEC811B3DCC44001D0A8C /* MTTimer.m */; };
		836BED211B3DCC44001D0A8C /* MTTimeSyncMessageService.h in Headers */ = {isa = PBXBuildFile; fileRef = 836BEC821B3DCC44001D0A8C /* MTTimeSyncMessageService.h */; };
		836BED221B3DCC44001D0A8C /* MTTimeSyncMessageService.m in Sources */ = {isa = PBXBuildFile; fileRef = 836BEC831B3DCC44001D0A8C /* MTTimeSyncMessageService.m */; };
		836BED231B3DCC44001D0A8C /* MTTransport.h in Headers */ = {isa = PBXBuildFile; fileRef = 836BEC841B3DCC44001D0A8C /* MTTransport.h */; };
		836BED241B3DCC44001D0A8C /* MTTransport.m in Sources */ = {isa = PBXBuildFile; fileRef = 836BEC851B3DCC44001D0A8C /* MTTransport.m */; };
		836BED251B3DCC44001D0A8C /* MTTransportScheme.h in Headers */ = {isa = PBXBuildFile; fileRef = 836BEC861B3DCC44001D0A8C /* MTTransportScheme.h */; };
		836BED261B3DCC44001D0A8C /* MTTransportScheme.m in Sources */ = {isa = PBXBuildFile; fileRef = 836BEC871B3DCC44001D0A8C /* MTTransportScheme.m */; };
		836BED271B3DCC44001D0A8C /* MTTransportTransaction.h in Headers */ = {isa = PBXBuildFile; fileRef = 836BEC881B3DCC44001D0A8C /* MTTransportTransaction.h */; };
		836BED281B3DCC44001D0A8C /* MTTransportTransaction.m in Sources */ = {isa = PBXBuildFile; fileRef = 836BEC891B3DCC44001D0A8C /* MTTransportTransaction.m */; };
		836BED291B3DCC44001D0A8C /* AFHTTPClient.h in Headers */ = {isa = PBXBuildFile; fileRef = 836BEC8C1B3DCC44001D0A8C /* AFHTTPClient.h */; };
		836BED2A1B3DCC45001D0A8C /* AFHTTPClient.m in Sources */ = {isa = PBXBuildFile; fileRef = 836BEC8D1B3DCC44001D0A8C /* AFHTTPClient.m */; };
		836BED2B1B3DCC45001D0A8C /* AFHTTPRequestOperation.h in Headers */ = {isa = PBXBuildFile; fileRef = 836BEC8E1B3DCC44001D0A8C /* AFHTTPRequestOperation.h */; };
		836BED2C1B3DCC45001D0A8C /* AFHTTPRequestOperation.m in Sources */ = {isa = PBXBuildFile; fileRef = 836BEC8F1B3DCC44001D0A8C /* AFHTTPRequestOperation.m */; };
		836BED2D1B3DCC45001D0A8C /* AFJSONUtilities.h in Headers */ = {isa = PBXBuildFile; fileRef = 836BEC901B3DCC44001D0A8C /* AFJSONUtilities.h */; };
		836BED2E1B3DCC45001D0A8C /* AFJSONUtilities.m in Sources */ = {isa = PBXBuildFile; fileRef = 836BEC911B3DCC44001D0A8C /* AFJSONUtilities.m */; };
		836BED2F1B3DCC45001D0A8C /* AFNetworking.h in Headers */ = {isa = PBXBuildFile; fileRef = 836BEC921B3DCC44001D0A8C /* AFNetworking.h */; };
		836BED301B3DCC45001D0A8C /* AFURLConnectionOperation.h in Headers */ = {isa = PBXBuildFile; fileRef = 836BEC931B3DCC44001D0A8C /* AFURLConnectionOperation.h */; };
		836BED311B3DCC45001D0A8C /* AFURLConnectionOperation.m in Sources */ = {isa = PBXBuildFile; fileRef = 836BEC941B3DCC44001D0A8C /* AFURLConnectionOperation.m */; };
		836BED321B3DCC45001D0A8C /* GCDAsyncSocket.h in Headers */ = {isa = PBXBuildFile; fileRef = 836BEC961B3DCC44001D0A8C /* GCDAsyncSocket.h */; };
		836BED331B3DCC45001D0A8C /* GCDAsyncSocket.m in Sources */ = {isa = PBXBuildFile; fileRef = 836BEC971B3DCC44001D0A8C /* GCDAsyncSocket.m */; };
		836BED371B3DCCD4001D0A8C /* SSignalKit.framework in Frameworks */ = {isa = PBXBuildFile; fileRef = 836BED361B3DCCD4001D0A8C /* SSignalKit.framework */; };
		83A778E11B3DA1150067DC65 /* CocoaMTProto.h in Headers */ = {isa = PBXBuildFile; fileRef = 83A778E01B3DA1150067DC65 /* CocoaMTProto.h */; settings = {ATTRIBUTES = (Public, ); }; };
		83A778E71B3DA1150067DC65 /* CocoaMTProto.framework in Frameworks */ = {isa = PBXBuildFile; fileRef = 83A778DB1B3DA1150067DC65 /* CocoaMTProto.framework */; };
		83A778EE1B3DA1150067DC65 /* CocoaMTProtoTests.m in Sources */ = {isa = PBXBuildFile; fileRef = 83A778ED1B3DA1150067DC65 /* CocoaMTProtoTests.m */; };
		83A77A361B3DC3600067DC65 /* Security.framework in Frameworks */ = {isa = PBXBuildFile; fileRef = 83A77A351B3DC3600067DC65 /* Security.framework */; };
		83A77A3A1B3DC4850067DC65 /* libz.dylib in Frameworks */ = {isa = PBXBuildFile; fileRef = 83A77A391B3DC4850067DC65 /* libz.dylib */; };
		83A77A3C1B3DC4940067DC65 /* libcrypto.dylib in Frameworks */ = {isa = PBXBuildFile; fileRef = 83A77A3B1B3DC4940067DC65 /* libcrypto.dylib */; };
/* End PBXBuildFile section */

/* Begin PBXContainerItemProxy section */
		83A778E81B3DA1150067DC65 /* PBXContainerItemProxy */ = {
			isa = PBXContainerItemProxy;
			containerPortal = 83A778D21B3DA1150067DC65 /* Project object */;
			proxyType = 1;
			remoteGlobalIDString = 83A778DA1B3DA1150067DC65;
			remoteInfo = CocoaMTProto;
		};
/* End PBXContainerItemProxy section */

/* Begin PBXFileReference section */
		836BEBF91B3DCC44001D0A8C /* Info.plist */ = {isa = PBXFileReference; fileEncoding = 4; lastKnownFileType = text.plist.xml; path = Info.plist; sourceTree = "<group>"; };
		836BEBFA1B3DCC44001D0A8C /* MTApiEnvironment.h */ = {isa = PBXFileReference; fileEncoding = 4; lastKnownFileType = sourcecode.c.h; path = MTApiEnvironment.h; sourceTree = "<group>"; };
		836BEBFB1B3DCC44001D0A8C /* MTApiEnvironment.m */ = {isa = PBXFileReference; fileEncoding = 4; lastKnownFileType = sourcecode.c.objc; path = MTApiEnvironment.m; sourceTree = "<group>"; };
		836BEBFC1B3DCC44001D0A8C /* MTBadMsgNotificationMessage.h */ = {isa = PBXFileReference; fileEncoding = 4; lastKnownFileType = sourcecode.c.h; path = MTBadMsgNotificationMessage.h; sourceTree = "<group>"; };
		836BEBFD1B3DCC44001D0A8C /* MTBadMsgNotificationMessage.m */ = {isa = PBXFileReference; fileEncoding = 4; lastKnownFileType = sourcecode.c.objc; path = MTBadMsgNotificationMessage.m; sourceTree = "<group>"; };
		836BEBFE1B3DCC44001D0A8C /* MTBuffer.h */ = {isa = PBXFileReference; fileEncoding = 4; lastKnownFileType = sourcecode.c.h; path = MTBuffer.h; sourceTree = "<group>"; };
		836BEBFF1B3DCC44001D0A8C /* MTBuffer.m */ = {isa = PBXFileReference; fileEncoding = 4; lastKnownFileType = sourcecode.c.objc; path = MTBuffer.m; sourceTree = "<group>"; };
		836BEC001B3DCC44001D0A8C /* MTBufferReader.h */ = {isa = PBXFileReference; fileEncoding = 4; lastKnownFileType = sourcecode.c.h; path = MTBufferReader.h; sourceTree = "<group>"; };
		836BEC011B3DCC44001D0A8C /* MTBufferReader.m */ = {isa = PBXFileReference; fileEncoding = 4; lastKnownFileType = sourcecode.c.objc; path = MTBufferReader.m; sourceTree = "<group>"; };
		836BEC021B3DCC44001D0A8C /* MTContext.h */ = {isa = PBXFileReference; fileEncoding = 4; lastKnownFileType = sourcecode.c.h; path = MTContext.h; sourceTree = "<group>"; };
		836BEC031B3DCC44001D0A8C /* MTContext.m */ = {isa = PBXFileReference; fileEncoding = 4; lastKnownFileType = sourcecode.c.objc; path = MTContext.m; sourceTree = "<group>"; };
		836BEC041B3DCC44001D0A8C /* MTDatacenterAddress.h */ = {isa = PBXFileReference; fileEncoding = 4; lastKnownFileType = sourcecode.c.h; path = MTDatacenterAddress.h; sourceTree = "<group>"; };
		836BEC051B3DCC44001D0A8C /* MTDatacenterAddress.m */ = {isa = PBXFileReference; fileEncoding = 4; lastKnownFileType = sourcecode.c.objc; path = MTDatacenterAddress.m; sourceTree = "<group>"; };
		836BEC061B3DCC44001D0A8C /* MTDatacenterAddressListData.h */ = {isa = PBXFileReference; fileEncoding = 4; lastKnownFileType = sourcecode.c.h; path = MTDatacenterAddressListData.h; sourceTree = "<group>"; };
		836BEC071B3DCC44001D0A8C /* MTDatacenterAddressListData.m */ = {isa = PBXFileReference; fileEncoding = 4; lastKnownFileType = sourcecode.c.objc; path = MTDatacenterAddressListData.m; sourceTree = "<group>"; };
		836BEC081B3DCC44001D0A8C /* MTDatacenterAddressSet.h */ = {isa = PBXFileReference; fileEncoding = 4; lastKnownFileType = sourcecode.c.h; path = MTDatacenterAddressSet.h; sourceTree = "<group>"; };
		836BEC091B3DCC44001D0A8C /* MTDatacenterAddressSet.m */ = {isa = PBXFileReference; fileEncoding = 4; lastKnownFileType = sourcecode.c.objc; path = MTDatacenterAddressSet.m; sourceTree = "<group>"; };
		836BEC0A1B3DCC44001D0A8C /* MTDatacenterAuthAction.h */ = {isa = PBXFileReference; fileEncoding = 4; lastKnownFileType = sourcecode.c.h; path = MTDatacenterAuthAction.h; sourceTree = "<group>"; };
		836BEC0B1B3DCC44001D0A8C /* MTDatacenterAuthAction.m */ = {isa = PBXFileReference; fileEncoding = 4; lastKnownFileType = sourcecode.c.objc; path = MTDatacenterAuthAction.m; sourceTree = "<group>"; };
		836BEC0C1B3DCC44001D0A8C /* MTDatacenterAuthInfo.h */ = {isa = PBXFileReference; fileEncoding = 4; lastKnownFileType = sourcecode.c.h; path = MTDatacenterAuthInfo.h; sourceTree = "<group>"; };
		836BEC0D1B3DCC44001D0A8C /* MTDatacenterAuthInfo.m */ = {isa = PBXFileReference; fileEncoding = 4; lastKnownFileType = sourcecode.c.objc; path = MTDatacenterAuthInfo.m; sourceTree = "<group>"; };
		836BEC0E1B3DCC44001D0A8C /* MTDatacenterAuthMessageService.h */ = {isa = PBXFileReference; fileEncoding = 4; lastKnownFileType = sourcecode.c.h; path = MTDatacenterAuthMessageService.h; sourceTree = "<group>"; };
		836BEC0F1B3DCC44001D0A8C /* MTDatacenterAuthMessageService.m */ = {isa = PBXFileReference; fileEncoding = 4; lastKnownFileType = sourcecode.c.objc; path = MTDatacenterAuthMessageService.m; sourceTree = "<group>"; };
		836BEC101B3DCC44001D0A8C /* MTDatacenterSaltInfo.h */ = {isa = PBXFileReference; fileEncoding = 4; lastKnownFileType = sourcecode.c.h; path = MTDatacenterSaltInfo.h; sourceTree = "<group>"; };
		836BEC111B3DCC44001D0A8C /* MTDatacenterSaltInfo.m */ = {isa = PBXFileReference; fileEncoding = 4; lastKnownFileType = sourcecode.c.objc; path = MTDatacenterSaltInfo.m; sourceTree = "<group>"; };
		836BEC121B3DCC44001D0A8C /* MTDatacenterTransferAuthAction.h */ = {isa = PBXFileReference; fileEncoding = 4; lastKnownFileType = sourcecode.c.h; path = MTDatacenterTransferAuthAction.h; sourceTree = "<group>"; };
		836BEC131B3DCC44001D0A8C /* MTDatacenterTransferAuthAction.m */ = {isa = PBXFileReference; fileEncoding = 4; lastKnownFileType = sourcecode.c.objc; path = MTDatacenterTransferAuthAction.m; sourceTree = "<group>"; };
		836BEC141B3DCC44001D0A8C /* MTDestroySessionResponseMessage.h */ = {isa = PBXFileReference; fileEncoding = 4; lastKnownFileType = sourcecode.c.h; path = MTDestroySessionResponseMessage.h; sourceTree = "<group>"; };
		836BEC151B3DCC44001D0A8C /* MTDestroySessionResponseMessage.m */ = {isa = PBXFileReference; fileEncoding = 4; lastKnownFileType = sourcecode.c.objc; path = MTDestroySessionResponseMessage.m; sourceTree = "<group>"; };
		836BEC161B3DCC44001D0A8C /* MTDiscoverConnectionSignals.h */ = {isa = PBXFileReference; fileEncoding = 4; lastKnownFileType = sourcecode.c.h; path = MTDiscoverConnectionSignals.h; sourceTree = "<group>"; };
		836BEC171B3DCC44001D0A8C /* MTDiscoverConnectionSignals.m */ = {isa = PBXFileReference; fileEncoding = 4; lastKnownFileType = sourcecode.c.objc; path = MTDiscoverConnectionSignals.m; sourceTree = "<group>"; };
		836BEC181B3DCC44001D0A8C /* MTDiscoverDatacenterAddressAction.h */ = {isa = PBXFileReference; fileEncoding = 4; lastKnownFileType = sourcecode.c.h; path = MTDiscoverDatacenterAddressAction.h; sourceTree = "<group>"; };
		836BEC191B3DCC44001D0A8C /* MTDiscoverDatacenterAddressAction.m */ = {isa = PBXFileReference; fileEncoding = 4; lastKnownFileType = sourcecode.c.objc; path = MTDiscoverDatacenterAddressAction.m; sourceTree = "<group>"; };
		836BEC1A1B3DCC44001D0A8C /* MTDropResponseContext.h */ = {isa = PBXFileReference; fileEncoding = 4; lastKnownFileType = sourcecode.c.h; path = MTDropResponseContext.h; sourceTree = "<group>"; };
		836BEC1B1B3DCC44001D0A8C /* MTDropResponseContext.m */ = {isa = PBXFileReference; fileEncoding = 4; lastKnownFileType = sourcecode.c.objc; path = MTDropResponseContext.m; sourceTree = "<group>"; };
		836BEC1C1B3DCC44001D0A8C /* MTDropRpcResultMessage.h */ = {isa = PBXFileReference; fileEncoding = 4; lastKnownFileType = sourcecode.c.h; path = MTDropRpcResultMessage.h; sourceTree = "<group>"; };
		836BEC1D1B3DCC44001D0A8C /* MTDropRpcResultMessage.m */ = {isa = PBXFileReference; fileEncoding = 4; lastKnownFileType = sourcecode.c.objc; path = MTDropRpcResultMessage.m; sourceTree = "<group>"; };
		836BEC1E1B3DCC44001D0A8C /* MTEncryption.h */ = {isa = PBXFileReference; fileEncoding = 4; lastKnownFileType = sourcecode.c.h; path = MTEncryption.h; sourceTree = "<group>"; };
		836BEC1F1B3DCC44001D0A8C /* MTEncryption.m */ = {isa = PBXFileReference; fileEncoding = 4; lastKnownFileType = sourcecode.c.objc; path = MTEncryption.m; sourceTree = "<group>"; };
		836BEC201B3DCC44001D0A8C /* MTExportedAuthorizationData.h */ = {isa = PBXFileReference; fileEncoding = 4; lastKnownFileType = sourcecode.c.h; path = MTExportedAuthorizationData.h; sourceTree = "<group>"; };
		836BEC211B3DCC44001D0A8C /* MTExportedAuthorizationData.m */ = {isa = PBXFileReference; fileEncoding = 4; lastKnownFileType = sourcecode.c.objc; path = MTExportedAuthorizationData.m; sourceTree = "<group>"; };
		836BEC221B3DCC44001D0A8C /* MTFutureSaltsMessage.h */ = {isa = PBXFileReference; fileEncoding = 4; lastKnownFileType = sourcecode.c.h; path = MTFutureSaltsMessage.h; sourceTree = "<group>"; };
		836BEC231B3DCC44001D0A8C /* MTFutureSaltsMessage.m */ = {isa = PBXFileReference; fileEncoding = 4; lastKnownFileType = sourcecode.c.objc; path = MTFutureSaltsMessage.m; sourceTree = "<group>"; };
		836BEC241B3DCC44001D0A8C /* MTHttpTransport.h */ = {isa = PBXFileReference; fileEncoding = 4; lastKnownFileType = sourcecode.c.h; path = MTHttpTransport.h; sourceTree = "<group>"; };
		836BEC251B3DCC44001D0A8C /* MTHttpTransport.m */ = {isa = PBXFileReference; fileEncoding = 4; lastKnownFileType = sourcecode.c.objc; path = MTHttpTransport.m; sourceTree = "<group>"; };
		836BEC261B3DCC44001D0A8C /* MTHttpWorker.h */ = {isa = PBXFileReference; fileEncoding = 4; lastKnownFileType = sourcecode.c.h; path = MTHttpWorker.h; sourceTree = "<group>"; };
		836BEC271B3DCC44001D0A8C /* MTHttpWorker.m */ = {isa = PBXFileReference; fileEncoding = 4; lastKnownFileType = sourcecode.c.objc; path = MTHttpWorker.m; sourceTree = "<group>"; };
		836BEC281B3DCC44001D0A8C /* MTHttpWorkerBehaviour.h */ = {isa = PBXFileReference; fileEncoding = 4; lastKnownFileType = sourcecode.c.h; path = MTHttpWorkerBehaviour.h; sourceTree = "<group>"; };
		836BEC291B3DCC44001D0A8C /* MTHttpWorkerBehaviour.m */ = {isa = PBXFileReference; fileEncoding = 4; lastKnownFileType = sourcecode.c.objc; path = MTHttpWorkerBehaviour.m; sourceTree = "<group>"; };
		836BEC2A1B3DCC44001D0A8C /* MTIncomingMessage.h */ = {isa = PBXFileReference; fileEncoding = 4; lastKnownFileType = sourcecode.c.h; path = MTIncomingMessage.h; sourceTree = "<group>"; };
		836BEC2B1B3DCC44001D0A8C /* MTIncomingMessage.m */ = {isa = PBXFileReference; fileEncoding = 4; lastKnownFileType = sourcecode.c.objc; path = MTIncomingMessage.m; sourceTree = "<group>"; };
		836BEC2C1B3DCC44001D0A8C /* MTInputStream.h */ = {isa = PBXFileReference; fileEncoding = 4; lastKnownFileType = sourcecode.c.h; path = MTInputStream.h; sourceTree = "<group>"; };
		836BEC2D1B3DCC44001D0A8C /* MTInputStream.m */ = {isa = PBXFileReference; fileEncoding = 4; lastKnownFileType = sourcecode.c.objc; path = MTInputStream.m; sourceTree = "<group>"; };
		836BEC2E1B3DCC44001D0A8C /* MTInternalId.h */ = {isa = PBXFileReference; fileEncoding = 4; lastKnownFileType = sourcecode.c.h; path = MTInternalId.h; sourceTree = "<group>"; };
		836BEC2F1B3DCC44001D0A8C /* MTInternalMessageParser.h */ = {isa = PBXFileReference; fileEncoding = 4; lastKnownFileType = sourcecode.c.h; path = MTInternalMessageParser.h; sourceTree = "<group>"; };
		836BEC301B3DCC44001D0A8C /* MTInternalMessageParser.m */ = {isa = PBXFileReference; fileEncoding = 4; lastKnownFileType = sourcecode.c.objc; path = MTInternalMessageParser.m; sourceTree = "<group>"; };
		836BEC311B3DCC44001D0A8C /* MTKeychain.h */ = {isa = PBXFileReference; fileEncoding = 4; lastKnownFileType = sourcecode.c.h; path = MTKeychain.h; sourceTree = "<group>"; };
		836BEC321B3DCC44001D0A8C /* MTKeychain.m */ = {isa = PBXFileReference; fileEncoding = 4; lastKnownFileType = sourcecode.c.objc; path = MTKeychain.m; sourceTree = "<group>"; };
		836BEC331B3DCC44001D0A8C /* MTLogging.h */ = {isa = PBXFileReference; fileEncoding = 4; lastKnownFileType = sourcecode.c.h; path = MTLogging.h; sourceTree = "<group>"; };
		836BEC341B3DCC44001D0A8C /* MTLogging.m */ = {isa = PBXFileReference; fileEncoding = 4; lastKnownFileType = sourcecode.c.objc; path = MTLogging.m; sourceTree = "<group>"; };
		836BEC351B3DCC44001D0A8C /* MTMessage.h */ = {isa = PBXFileReference; fileEncoding = 4; lastKnownFileType = sourcecode.c.h; path = MTMessage.h; sourceTree = "<group>"; };
		836BEC361B3DCC44001D0A8C /* MTMessage.m */ = {isa = PBXFileReference; fileEncoding = 4; lastKnownFileType = sourcecode.c.objc; path = MTMessage.m; sourceTree = "<group>"; };
		836BEC371B3DCC44001D0A8C /* MTMessageEncryptionKey.h */ = {isa = PBXFileReference; fileEncoding = 4; lastKnownFileType = sourcecode.c.h; path = MTMessageEncryptionKey.h; sourceTree = "<group>"; };
		836BEC381B3DCC44001D0A8C /* MTMessageEncryptionKey.m */ = {isa = PBXFileReference; fileEncoding = 4; lastKnownFileType = sourcecode.c.objc; path = MTMessageEncryptionKey.m; sourceTree = "<group>"; };
		836BEC391B3DCC44001D0A8C /* MTMessageService.h */ = {isa = PBXFileReference; fileEncoding = 4; lastKnownFileType = sourcecode.c.h; path = MTMessageService.h; sourceTree = "<group>"; };
		836BEC3A1B3DCC44001D0A8C /* MTMessageTransaction.h */ = {isa = PBXFileReference; fileEncoding = 4; lastKnownFileType = sourcecode.c.h; path = MTMessageTransaction.h; sourceTree = "<group>"; };
		836BEC3B1B3DCC44001D0A8C /* MTMessageTransaction.m */ = {isa = PBXFileReference; fileEncoding = 4; lastKnownFileType = sourcecode.c.objc; path = MTMessageTransaction.m; sourceTree = "<group>"; };
		836BEC3C1B3DCC44001D0A8C /* MTMsgAllInfoMessage.h */ = {isa = PBXFileReference; fileEncoding = 4; lastKnownFileType = sourcecode.c.h; path = MTMsgAllInfoMessage.h; sourceTree = "<group>"; };
		836BEC3D1B3DCC44001D0A8C /* MTMsgAllInfoMessage.m */ = {isa = PBXFileReference; fileEncoding = 4; lastKnownFileType = sourcecode.c.objc; path = MTMsgAllInfoMessage.m; sourceTree = "<group>"; };
		836BEC3E1B3DCC44001D0A8C /* MTMsgContainerMessage.h */ = {isa = PBXFileReference; fileEncoding = 4; lastKnownFileType = sourcecode.c.h; path = MTMsgContainerMessage.h; sourceTree = "<group>"; };
		836BEC3F1B3DCC44001D0A8C /* MTMsgContainerMessage.m */ = {isa = PBXFileReference; fileEncoding = 4; lastKnownFileType = sourcecode.c.objc; path = MTMsgContainerMessage.m; sourceTree = "<group>"; };
		836BEC401B3DCC44001D0A8C /* MTMsgDetailedInfoMessage.h */ = {isa = PBXFileReference; fileEncoding = 4; lastKnownFileType = sourcecode.c.h; path = MTMsgDetailedInfoMessage.h; sourceTree = "<group>"; };
		836BEC411B3DCC44001D0A8C /* MTMsgDetailedInfoMessage.m */ = {isa = PBXFileReference; fileEncoding = 4; lastKnownFileType = sourcecode.c.objc; path = MTMsgDetailedInfoMessage.m; sourceTree = "<group>"; };
		836BEC421B3DCC44001D0A8C /* MTMsgResendReqMessage.h */ = {isa = PBXFileReference; fileEncoding = 4; lastKnownFileType = sourcecode.c.h; path = MTMsgResendReqMessage.h; sourceTree = "<group>"; };
		836BEC431B3DCC44001D0A8C /* MTMsgResendReqMessage.m */ = {isa = PBXFileReference; fileEncoding = 4; lastKnownFileType = sourcecode.c.objc; path = MTMsgResendReqMessage.m; sourceTree = "<group>"; };
		836BEC441B3DCC44001D0A8C /* MTMsgsAckMessage.h */ = {isa = PBXFileReference; fileEncoding = 4; lastKnownFileType = sourcecode.c.h; path = MTMsgsAckMessage.h; sourceTree = "<group>"; };
		836BEC451B3DCC44001D0A8C /* MTMsgsAckMessage.m */ = {isa = PBXFileReference; fileEncoding = 4; lastKnownFileType = sourcecode.c.objc; path = MTMsgsAckMessage.m; sourceTree = "<group>"; };
		836BEC461B3DCC44001D0A8C /* MTMsgsStateInfoMessage.h */ = {isa = PBXFileReference; fileEncoding = 4; lastKnownFileType = sourcecode.c.h; path = MTMsgsStateInfoMessage.h; sourceTree = "<group>"; };
		836BEC471B3DCC44001D0A8C /* MTMsgsStateInfoMessage.m */ = {isa = PBXFileReference; fileEncoding = 4; lastKnownFileType = sourcecode.c.objc; path = MTMsgsStateInfoMessage.m; sourceTree = "<group>"; };
		836BEC481B3DCC44001D0A8C /* MTMsgsStateReqMessage.h */ = {isa = PBXFileReference; fileEncoding = 4; lastKnownFileType = sourcecode.c.h; path = MTMsgsStateReqMessage.h; sourceTree = "<group>"; };
		836BEC491B3DCC44001D0A8C /* MTMsgsStateReqMessage.m */ = {isa = PBXFileReference; fileEncoding = 4; lastKnownFileType = sourcecode.c.objc; path = MTMsgsStateReqMessage.m; sourceTree = "<group>"; };
		836BEC4A1B3DCC44001D0A8C /* MTNetworkAvailability.h */ = {isa = PBXFileReference; fileEncoding = 4; lastKnownFileType = sourcecode.c.h; path = MTNetworkAvailability.h; sourceTree = "<group>"; };
		836BEC4B1B3DCC44001D0A8C /* MTNetworkAvailability.m */ = {isa = PBXFileReference; fileEncoding = 4; lastKnownFileType = sourcecode.c.objc; path = MTNetworkAvailability.m; sourceTree = "<group>"; };
		836BEC4C1B3DCC44001D0A8C /* MTNewSessionCreatedMessage.h */ = {isa = PBXFileReference; fileEncoding = 4; lastKnownFileType = sourcecode.c.h; path = MTNewSessionCreatedMessage.h; sourceTree = "<group>"; };
		836BEC4D1B3DCC44001D0A8C /* MTNewSessionCreatedMessage.m */ = {isa = PBXFileReference; fileEncoding = 4; lastKnownFileType = sourcecode.c.objc; path = MTNewSessionCreatedMessage.m; sourceTree = "<group>"; };
		836BEC4E1B3DCC44001D0A8C /* MTOutgoingMessage.h */ = {isa = PBXFileReference; fileEncoding = 4; lastKnownFileType = sourcecode.c.h; path = MTOutgoingMessage.h; sourceTree = "<group>"; };
		836BEC4F1B3DCC44001D0A8C /* MTOutgoingMessage.m */ = {isa = PBXFileReference; fileEncoding = 4; lastKnownFileType = sourcecode.c.objc; path = MTOutgoingMessage.m; sourceTree = "<group>"; };
		836BEC501B3DCC44001D0A8C /* MTOutputStream.h */ = {isa = PBXFileReference; fileEncoding = 4; lastKnownFileType = sourcecode.c.h; path = MTOutputStream.h; sourceTree = "<group>"; };
		836BEC511B3DCC44001D0A8C /* MTOutputStream.m */ = {isa = PBXFileReference; fileEncoding = 4; lastKnownFileType = sourcecode.c.objc; path = MTOutputStream.m; sourceTree = "<group>"; };
		836BEC521B3DCC44001D0A8C /* MTPingMessage.h */ = {isa = PBXFileReference; fileEncoding = 4; lastKnownFileType = sourcecode.c.h; path = MTPingMessage.h; sourceTree = "<group>"; };
		836BEC531B3DCC44001D0A8C /* MTPingMessage.m */ = {isa = PBXFileReference; fileEncoding = 4; lastKnownFileType = sourcecode.c.objc; path = MTPingMessage.m; sourceTree = "<group>"; };
		836BEC541B3DCC44001D0A8C /* MTPongMessage.h */ = {isa = PBXFileReference; fileEncoding = 4; lastKnownFileType = sourcecode.c.h; path = MTPongMessage.h; sourceTree = "<group>"; };
		836BEC551B3DCC44001D0A8C /* MTPongMessage.m */ = {isa = PBXFileReference; fileEncoding = 4; lastKnownFileType = sourcecode.c.objc; path = MTPongMessage.m; sourceTree = "<group>"; };
		836BEC561B3DCC44001D0A8C /* MTPreparedMessage.h */ = {isa = PBXFileReference; fileEncoding = 4; lastKnownFileType = sourcecode.c.h; path = MTPreparedMessage.h; sourceTree = "<group>"; };
		836BEC571B3DCC44001D0A8C /* MTPreparedMessage.m */ = {isa = PBXFileReference; fileEncoding = 4; lastKnownFileType = sourcecode.c.objc; path = MTPreparedMessage.m; sourceTree = "<group>"; };
		836BEC581B3DCC44001D0A8C /* MTProto.h */ = {isa = PBXFileReference; fileEncoding = 4; lastKnownFileType = sourcecode.c.h; path = MTProto.h; sourceTree = "<group>"; };
		836BEC591B3DCC44001D0A8C /* MTProto.m */ = {isa = PBXFileReference; fileEncoding = 4; lastKnownFileType = sourcecode.c.objc; path = MTProto.m; sourceTree = "<group>"; };
		836BEC5A1B3DCC44001D0A8C /* MTProtoKit.h */ = {isa = PBXFileReference; fileEncoding = 4; lastKnownFileType = sourcecode.c.h; path = MTProtoKit.h; sourceTree = "<group>"; };
		836BEC5B1B3DCC44001D0A8C /* MTQueue.h */ = {isa = PBXFileReference; fileEncoding = 4; lastKnownFileType = sourcecode.c.h; path = MTQueue.h; sourceTree = "<group>"; };
		836BEC5C1B3DCC44001D0A8C /* MTQueue.m */ = {isa = PBXFileReference; fileEncoding = 4; lastKnownFileType = sourcecode.c.objc; path = MTQueue.m; sourceTree = "<group>"; };
		836BEC5D1B3DCC44001D0A8C /* MTRequest.h */ = {isa = PBXFileReference; fileEncoding = 4; lastKnownFileType = sourcecode.c.h; path = MTRequest.h; sourceTree = "<group>"; };
		836BEC5E1B3DCC44001D0A8C /* MTRequest.m */ = {isa = PBXFileReference; fileEncoding = 4; lastKnownFileType = sourcecode.c.objc; path = MTRequest.m; sourceTree = "<group>"; };
		836BEC5F1B3DCC44001D0A8C /* MTRequestContext.h */ = {isa = PBXFileReference; fileEncoding = 4; lastKnownFileType = sourcecode.c.h; path = MTRequestContext.h; sourceTree = "<group>"; };
		836BEC601B3DCC44001D0A8C /* MTRequestContext.m */ = {isa = PBXFileReference; fileEncoding = 4; lastKnownFileType = sourcecode.c.objc; path = MTRequestContext.m; sourceTree = "<group>"; };
		836BEC611B3DCC44001D0A8C /* MTRequestErrorContext.h */ = {isa = PBXFileReference; fileEncoding = 4; lastKnownFileType = sourcecode.c.h; path = MTRequestErrorContext.h; sourceTree = "<group>"; };
		836BEC621B3DCC44001D0A8C /* MTRequestErrorContext.m */ = {isa = PBXFileReference; fileEncoding = 4; lastKnownFileType = sourcecode.c.objc; path = MTRequestErrorContext.m; sourceTree = "<group>"; };
		836BEC631B3DCC44001D0A8C /* MTRequestMessageService.h */ = {isa = PBXFileReference; fileEncoding = 4; lastKnownFileType = sourcecode.c.h; path = MTRequestMessageService.h; sourceTree = "<group>"; };
		836BEC641B3DCC44001D0A8C /* MTRequestMessageService.m */ = {isa = PBXFileReference; fileEncoding = 4; lastKnownFileType = sourcecode.c.objc; path = MTRequestMessageService.m; sourceTree = "<group>"; };
		836BEC651B3DCC44001D0A8C /* MTResendMessageService.h */ = {isa = PBXFileReference; fileEncoding = 4; lastKnownFileType = sourcecode.c.h; path = MTResendMessageService.h; sourceTree = "<group>"; };
		836BEC661B3DCC44001D0A8C /* MTResendMessageService.m */ = {isa = PBXFileReference; fileEncoding = 4; lastKnownFileType = sourcecode.c.objc; path = MTResendMessageService.m; sourceTree = "<group>"; };
		836BEC671B3DCC44001D0A8C /* MTResPqMessage.h */ = {isa = PBXFileReference; fileEncoding = 4; lastKnownFileType = sourcecode.c.h; path = MTResPqMessage.h; sourceTree = "<group>"; };
		836BEC681B3DCC44001D0A8C /* MTResPqMessage.m */ = {isa = PBXFileReference; fileEncoding = 4; lastKnownFileType = sourcecode.c.objc; path = MTResPqMessage.m; sourceTree = "<group>"; };
		836BEC691B3DCC44001D0A8C /* MTRpcError.h */ = {isa = PBXFileReference; fileEncoding = 4; lastKnownFileType = sourcecode.c.h; path = MTRpcError.h; sourceTree = "<group>"; };
		836BEC6A1B3DCC44001D0A8C /* MTRpcError.m */ = {isa = PBXFileReference; fileEncoding = 4; lastKnownFileType = sourcecode.c.objc; path = MTRpcError.m; sourceTree = "<group>"; };
		836BEC6B1B3DCC44001D0A8C /* MTRpcResultMessage.h */ = {isa = PBXFileReference; fileEncoding = 4; lastKnownFileType = sourcecode.c.h; path = MTRpcResultMessage.h; sourceTree = "<group>"; };
		836BEC6C1B3DCC44001D0A8C /* MTRpcResultMessage.m */ = {isa = PBXFileReference; fileEncoding = 4; lastKnownFileType = sourcecode.c.objc; path = MTRpcResultMessage.m; sourceTree = "<group>"; };
		836BEC6D1B3DCC44001D0A8C /* MTSerialization.h */ = {isa = PBXFileReference; fileEncoding = 4; lastKnownFileType = sourcecode.c.h; path = MTSerialization.h; sourceTree = "<group>"; };
		836BEC6E1B3DCC44001D0A8C /* MTServerDhInnerDataMessage.h */ = {isa = PBXFileReference; fileEncoding = 4; lastKnownFileType = sourcecode.c.h; path = MTServerDhInnerDataMessage.h; sourceTree = "<group>"; };
		836BEC6F1B3DCC44001D0A8C /* MTServerDhInnerDataMessage.m */ = {isa = PBXFileReference; fileEncoding = 4; lastKnownFileType = sourcecode.c.objc; path = MTServerDhInnerDataMessage.m; sourceTree = "<group>"; };
		836BEC701B3DCC44001D0A8C /* MTServerDhParamsMessage.h */ = {isa = PBXFileReference; fileEncoding = 4; lastKnownFileType = sourcecode.c.h; path = MTServerDhParamsMessage.h; sourceTree = "<group>"; };
		836BEC711B3DCC44001D0A8C /* MTServerDhParamsMessage.m */ = {isa = PBXFileReference; fileEncoding = 4; lastKnownFileType = sourcecode.c.objc; path = MTServerDhParamsMessage.m; sourceTree = "<group>"; };
		836BEC721B3DCC44001D0A8C /* MTSessionInfo.h */ = {isa = PBXFileReference; fileEncoding = 4; lastKnownFileType = sourcecode.c.h; path = MTSessionInfo.h; sourceTree = "<group>"; };
		836BEC731B3DCC44001D0A8C /* MTSessionInfo.m */ = {isa = PBXFileReference; fileEncoding = 4; lastKnownFileType = sourcecode.c.objc; path = MTSessionInfo.m; sourceTree = "<group>"; };
		836BEC741B3DCC44001D0A8C /* MTSetClientDhParamsResponseMessage.h */ = {isa = PBXFileReference; fileEncoding = 4; lastKnownFileType = sourcecode.c.h; path = MTSetClientDhParamsResponseMessage.h; sourceTree = "<group>"; };
		836BEC751B3DCC44001D0A8C /* MTSetClientDhParamsResponseMessage.m */ = {isa = PBXFileReference; fileEncoding = 4; lastKnownFileType = sourcecode.c.objc; path = MTSetClientDhParamsResponseMessage.m; sourceTree = "<group>"; };
		836BEC761B3DCC44001D0A8C /* MTTcpConnection.h */ = {isa = PBXFileReference; fileEncoding = 4; lastKnownFileType = sourcecode.c.h; path = MTTcpConnection.h; sourceTree = "<group>"; };
		836BEC771B3DCC44001D0A8C /* MTTcpConnection.m */ = {isa = PBXFileReference; fileEncoding = 4; lastKnownFileType = sourcecode.c.objc; path = MTTcpConnection.m; sourceTree = "<group>"; };
		836BEC781B3DCC44001D0A8C /* MTTcpConnectionBehaviour.h */ = {isa = PBXFileReference; fileEncoding = 4; lastKnownFileType = sourcecode.c.h; path = MTTcpConnectionBehaviour.h; sourceTree = "<group>"; };
		836BEC791B3DCC44001D0A8C /* MTTcpConnectionBehaviour.m */ = {isa = PBXFileReference; fileEncoding = 4; lastKnownFileType = sourcecode.c.objc; path = MTTcpConnectionBehaviour.m; sourceTree = "<group>"; };
		836BEC7A1B3DCC44001D0A8C /* MTTcpTransport.h */ = {isa = PBXFileReference; fileEncoding = 4; lastKnownFileType = sourcecode.c.h; path = MTTcpTransport.h; sourceTree = "<group>"; };
		836BEC7B1B3DCC44001D0A8C /* MTTcpTransport.m */ = {isa = PBXFileReference; fileEncoding = 4; lastKnownFileType = sourcecode.c.objc; path = MTTcpTransport.m; sourceTree = "<group>"; };
		836BEC7C1B3DCC44001D0A8C /* MTTime.h */ = {isa = PBXFileReference; fileEncoding = 4; lastKnownFileType = sourcecode.c.h; path = MTTime.h; sourceTree = "<group>"; };
		836BEC7D1B3DCC44001D0A8C /* MTTime.m */ = {isa = PBXFileReference; fileEncoding = 4; lastKnownFileType = sourcecode.c.objc; path = MTTime.m; sourceTree = "<group>"; };
		836BEC7E1B3DCC44001D0A8C /* MTTimeFixContext.h */ = {isa = PBXFileReference; fileEncoding = 4; lastKnownFileType = sourcecode.c.h; path = MTTimeFixContext.h; sourceTree = "<group>"; };
		836BEC7F1B3DCC44001D0A8C /* MTTimeFixContext.m */ = {isa = PBXFileReference; fileEncoding = 4; lastKnownFileType = sourcecode.c.objc; path = MTTimeFixContext.m; sourceTree = "<group>"; };
		836BEC801B3DCC44001D0A8C /* MTTimer.h */ = {isa = PBXFileReference; fileEncoding = 4; lastKnownFileType = sourcecode.c.h; path = MTTimer.h; sourceTree = "<group>"; };
		836BEC811B3DCC44001D0A8C /* MTTimer.m */ = {isa = PBXFileReference; fileEncoding = 4; lastKnownFileType = sourcecode.c.objc; path = MTTimer.m; sourceTree = "<group>"; };
		836BEC821B3DCC44001D0A8C /* MTTimeSyncMessageService.h */ = {isa = PBXFileReference; fileEncoding = 4; lastKnownFileType = sourcecode.c.h; path = MTTimeSyncMessageService.h; sourceTree = "<group>"; };
		836BEC831B3DCC44001D0A8C /* MTTimeSyncMessageService.m */ = {isa = PBXFileReference; fileEncoding = 4; lastKnownFileType = sourcecode.c.objc; path = MTTimeSyncMessageService.m; sourceTree = "<group>"; };
		836BEC841B3DCC44001D0A8C /* MTTransport.h */ = {isa = PBXFileReference; fileEncoding = 4; lastKnownFileType = sourcecode.c.h; path = MTTransport.h; sourceTree = "<group>"; };
		836BEC851B3DCC44001D0A8C /* MTTransport.m */ = {isa = PBXFileReference; fileEncoding = 4; lastKnownFileType = sourcecode.c.objc; path = MTTransport.m; sourceTree = "<group>"; };
		836BEC861B3DCC44001D0A8C /* MTTransportScheme.h */ = {isa = PBXFileReference; fileEncoding = 4; lastKnownFileType = sourcecode.c.h; path = MTTransportScheme.h; sourceTree = "<group>"; };
		836BEC871B3DCC44001D0A8C /* MTTransportScheme.m */ = {isa = PBXFileReference; fileEncoding = 4; lastKnownFileType = sourcecode.c.objc; path = MTTransportScheme.m; sourceTree = "<group>"; };
		836BEC881B3DCC44001D0A8C /* MTTransportTransaction.h */ = {isa = PBXFileReference; fileEncoding = 4; lastKnownFileType = sourcecode.c.h; path = MTTransportTransaction.h; sourceTree = "<group>"; };
		836BEC891B3DCC44001D0A8C /* MTTransportTransaction.m */ = {isa = PBXFileReference; fileEncoding = 4; lastKnownFileType = sourcecode.c.objc; path = MTTransportTransaction.m; sourceTree = "<group>"; };
		836BEC8C1B3DCC44001D0A8C /* AFHTTPClient.h */ = {isa = PBXFileReference; fileEncoding = 4; lastKnownFileType = sourcecode.c.h; path = AFHTTPClient.h; sourceTree = "<group>"; };
		836BEC8D1B3DCC44001D0A8C /* AFHTTPClient.m */ = {isa = PBXFileReference; fileEncoding = 4; lastKnownFileType = sourcecode.c.objc; path = AFHTTPClient.m; sourceTree = "<group>"; };
		836BEC8E1B3DCC44001D0A8C /* AFHTTPRequestOperation.h */ = {isa = PBXFileReference; fileEncoding = 4; lastKnownFileType = sourcecode.c.h; path = AFHTTPRequestOperation.h; sourceTree = "<group>"; };
		836BEC8F1B3DCC44001D0A8C /* AFHTTPRequestOperation.m */ = {isa = PBXFileReference; fileEncoding = 4; lastKnownFileType = sourcecode.c.objc; path = AFHTTPRequestOperation.m; sourceTree = "<group>"; };
		836BEC901B3DCC44001D0A8C /* AFJSONUtilities.h */ = {isa = PBXFileReference; fileEncoding = 4; lastKnownFileType = sourcecode.c.h; path = AFJSONUtilities.h; sourceTree = "<group>"; };
		836BEC911B3DCC44001D0A8C /* AFJSONUtilities.m */ = {isa = PBXFileReference; fileEncoding = 4; lastKnownFileType = sourcecode.c.objc; path = AFJSONUtilities.m; sourceTree = "<group>"; };
		836BEC921B3DCC44001D0A8C /* AFNetworking.h */ = {isa = PBXFileReference; fileEncoding = 4; lastKnownFileType = sourcecode.c.h; path = AFNetworking.h; sourceTree = "<group>"; };
		836BEC931B3DCC44001D0A8C /* AFURLConnectionOperation.h */ = {isa = PBXFileReference; fileEncoding = 4; lastKnownFileType = sourcecode.c.h; path = AFURLConnectionOperation.h; sourceTree = "<group>"; };
		836BEC941B3DCC44001D0A8C /* AFURLConnectionOperation.m */ = {isa = PBXFileReference; fileEncoding = 4; lastKnownFileType = sourcecode.c.objc; path = AFURLConnectionOperation.m; sourceTree = "<group>"; };
		836BEC961B3DCC44001D0A8C /* GCDAsyncSocket.h */ = {isa = PBXFileReference; fileEncoding = 4; lastKnownFileType = sourcecode.c.h; path = GCDAsyncSocket.h; sourceTree = "<group>"; };
		836BEC971B3DCC44001D0A8C /* GCDAsyncSocket.m */ = {isa = PBXFileReference; fileEncoding = 4; lastKnownFileType = sourcecode.c.objc; path = GCDAsyncSocket.m; sourceTree = "<group>"; };
		836BED361B3DCCD4001D0A8C /* SSignalKit.framework */ = {isa = PBXFileReference; lastKnownFileType = wrapper.framework; name = SSignalKit.framework; path = CocoaMTProto/CocoaMTProtoKit/vendor/SSignalKit/SSignalKit.framework; sourceTree = "<group>"; };
		83A778DB1B3DA1150067DC65 /* CocoaMTProto.framework */ = {isa = PBXFileReference; explicitFileType = wrapper.framework; includeInIndex = 0; path = CocoaMTProto.framework; sourceTree = BUILT_PRODUCTS_DIR; };
		83A778DF1B3DA1150067DC65 /* Info.plist */ = {isa = PBXFileReference; lastKnownFileType = text.plist.xml; path = Info.plist; sourceTree = "<group>"; };
		83A778E01B3DA1150067DC65 /* CocoaMTProto.h */ = {isa = PBXFileReference; lastKnownFileType = sourcecode.c.h; path = CocoaMTProto.h; sourceTree = "<group>"; };
		83A778E61B3DA1150067DC65 /* CocoaMTProtoTests.xctest */ = {isa = PBXFileReference; explicitFileType = wrapper.cfbundle; includeInIndex = 0; path = CocoaMTProtoTests.xctest; sourceTree = BUILT_PRODUCTS_DIR; };
		83A778EC1B3DA1150067DC65 /* Info.plist */ = {isa = PBXFileReference; lastKnownFileType = text.plist.xml; path = Info.plist; sourceTree = "<group>"; };
		83A778ED1B3DA1150067DC65 /* CocoaMTProtoTests.m */ = {isa = PBXFileReference; lastKnownFileType = sourcecode.c.objc; path = CocoaMTProtoTests.m; sourceTree = "<group>"; };
		83A77A351B3DC3600067DC65 /* Security.framework */ = {isa = PBXFileReference; lastKnownFileType = wrapper.framework; name = Security.framework; path = System/Library/Frameworks/Security.framework; sourceTree = SDKROOT; };
		83A77A391B3DC4850067DC65 /* libz.dylib */ = {isa = PBXFileReference; lastKnownFileType = "compiled.mach-o.dylib"; name = libz.dylib; path = usr/lib/libz.dylib; sourceTree = SDKROOT; };
		83A77A3B1B3DC4940067DC65 /* libcrypto.dylib */ = {isa = PBXFileReference; lastKnownFileType = "compiled.mach-o.dylib"; name = libcrypto.dylib; path = usr/lib/libcrypto.dylib; sourceTree = SDKROOT; };
/* End PBXFileReference section */

/* Begin PBXFrameworksBuildPhase section */
		83A778D71B3DA1150067DC65 /* Frameworks */ = {
			isa = PBXFrameworksBuildPhase;
			buildActionMask = 2147483647;
			files = (
				836BED371B3DCCD4001D0A8C /* SSignalKit.framework in Frameworks */,
				83A77A3C1B3DC4940067DC65 /* libcrypto.dylib in Frameworks */,
				83A77A3A1B3DC4850067DC65 /* libz.dylib in Frameworks */,
				83A77A361B3DC3600067DC65 /* Security.framework in Frameworks */,
			);
			runOnlyForDeploymentPostprocessing = 0;
		};
		83A778E31B3DA1150067DC65 /* Frameworks */ = {
			isa = PBXFrameworksBuildPhase;
			buildActionMask = 2147483647;
			files = (
				83A778E71B3DA1150067DC65 /* CocoaMTProto.framework in Frameworks */,
			);
			runOnlyForDeploymentPostprocessing = 0;
		};
/* End PBXFrameworksBuildPhase section */

/* Begin PBXGroup section */
		836BEBF81B3DCC44001D0A8C /* CocoaMTProtoKit */ = {
			isa = PBXGroup;
			children = (
				836BEBF91B3DCC44001D0A8C /* Info.plist */,
				836BEBFA1B3DCC44001D0A8C /* MTApiEnvironment.h */,
				836BEBFB1B3DCC44001D0A8C /* MTApiEnvironment.m */,
				836BEBFC1B3DCC44001D0A8C /* MTBadMsgNotificationMessage.h */,
				836BEBFD1B3DCC44001D0A8C /* MTBadMsgNotificationMessage.m */,
				836BEBFE1B3DCC44001D0A8C /* MTBuffer.h */,
				836BEBFF1B3DCC44001D0A8C /* MTBuffer.m */,
				836BEC001B3DCC44001D0A8C /* MTBufferReader.h */,
				836BEC011B3DCC44001D0A8C /* MTBufferReader.m */,
				836BEC021B3DCC44001D0A8C /* MTContext.h */,
				836BEC031B3DCC44001D0A8C /* MTContext.m */,
				836BEC041B3DCC44001D0A8C /* MTDatacenterAddress.h */,
				836BEC051B3DCC44001D0A8C /* MTDatacenterAddress.m */,
				836BEC061B3DCC44001D0A8C /* MTDatacenterAddressListData.h */,
				836BEC071B3DCC44001D0A8C /* MTDatacenterAddressListData.m */,
				836BEC081B3DCC44001D0A8C /* MTDatacenterAddressSet.h */,
				836BEC091B3DCC44001D0A8C /* MTDatacenterAddressSet.m */,
				836BEC0A1B3DCC44001D0A8C /* MTDatacenterAuthAction.h */,
				836BEC0B1B3DCC44001D0A8C /* MTDatacenterAuthAction.m */,
				836BEC0C1B3DCC44001D0A8C /* MTDatacenterAuthInfo.h */,
				836BEC0D1B3DCC44001D0A8C /* MTDatacenterAuthInfo.m */,
				836BEC0E1B3DCC44001D0A8C /* MTDatacenterAuthMessageService.h */,
				836BEC0F1B3DCC44001D0A8C /* MTDatacenterAuthMessageService.m */,
				836BEC101B3DCC44001D0A8C /* MTDatacenterSaltInfo.h */,
				836BEC111B3DCC44001D0A8C /* MTDatacenterSaltInfo.m */,
				836BEC121B3DCC44001D0A8C /* MTDatacenterTransferAuthAction.h */,
				836BEC131B3DCC44001D0A8C /* MTDatacenterTransferAuthAction.m */,
				836BEC141B3DCC44001D0A8C /* MTDestroySessionResponseMessage.h */,
				836BEC151B3DCC44001D0A8C /* MTDestroySessionResponseMessage.m */,
				836BEC161B3DCC44001D0A8C /* MTDiscoverConnectionSignals.h */,
				836BEC171B3DCC44001D0A8C /* MTDiscoverConnectionSignals.m */,
				836BEC181B3DCC44001D0A8C /* MTDiscoverDatacenterAddressAction.h */,
				836BEC191B3DCC44001D0A8C /* MTDiscoverDatacenterAddressAction.m */,
				836BEC1A1B3DCC44001D0A8C /* MTDropResponseContext.h */,
				836BEC1B1B3DCC44001D0A8C /* MTDropResponseContext.m */,
				836BEC1C1B3DCC44001D0A8C /* MTDropRpcResultMessage.h */,
				836BEC1D1B3DCC44001D0A8C /* MTDropRpcResultMessage.m */,
				836BEC1E1B3DCC44001D0A8C /* MTEncryption.h */,
				836BEC1F1B3DCC44001D0A8C /* MTEncryption.m */,
				836BEC201B3DCC44001D0A8C /* MTExportedAuthorizationData.h */,
				836BEC211B3DCC44001D0A8C /* MTExportedAuthorizationData.m */,
				836BEC221B3DCC44001D0A8C /* MTFutureSaltsMessage.h */,
				836BEC231B3DCC44001D0A8C /* MTFutureSaltsMessage.m */,
				836BEC241B3DCC44001D0A8C /* MTHttpTransport.h */,
				836BEC251B3DCC44001D0A8C /* MTHttpTransport.m */,
				836BEC261B3DCC44001D0A8C /* MTHttpWorker.h */,
				836BEC271B3DCC44001D0A8C /* MTHttpWorker.m */,
				836BEC281B3DCC44001D0A8C /* MTHttpWorkerBehaviour.h */,
				836BEC291B3DCC44001D0A8C /* MTHttpWorkerBehaviour.m */,
				836BEC2A1B3DCC44001D0A8C /* MTIncomingMessage.h */,
				836BEC2B1B3DCC44001D0A8C /* MTIncomingMessage.m */,
				836BEC2C1B3DCC44001D0A8C /* MTInputStream.h */,
				836BEC2D1B3DCC44001D0A8C /* MTInputStream.m */,
				836BEC2E1B3DCC44001D0A8C /* MTInternalId.h */,
				836BEC2F1B3DCC44001D0A8C /* MTInternalMessageParser.h */,
				836BEC301B3DCC44001D0A8C /* MTInternalMessageParser.m */,
				836BEC311B3DCC44001D0A8C /* MTKeychain.h */,
				836BEC321B3DCC44001D0A8C /* MTKeychain.m */,
				836BEC331B3DCC44001D0A8C /* MTLogging.h */,
				836BEC341B3DCC44001D0A8C /* MTLogging.m */,
				836BEC351B3DCC44001D0A8C /* MTMessage.h */,
				836BEC361B3DCC44001D0A8C /* MTMessage.m */,
				836BEC371B3DCC44001D0A8C /* MTMessageEncryptionKey.h */,
				836BEC381B3DCC44001D0A8C /* MTMessageEncryptionKey.m */,
				836BEC391B3DCC44001D0A8C /* MTMessageService.h */,
				836BEC3A1B3DCC44001D0A8C /* MTMessageTransaction.h */,
				836BEC3B1B3DCC44001D0A8C /* MTMessageTransaction.m */,
				836BEC3C1B3DCC44001D0A8C /* MTMsgAllInfoMessage.h */,
				836BEC3D1B3DCC44001D0A8C /* MTMsgAllInfoMessage.m */,
				836BEC3E1B3DCC44001D0A8C /* MTMsgContainerMessage.h */,
				836BEC3F1B3DCC44001D0A8C /* MTMsgContainerMessage.m */,
				836BEC401B3DCC44001D0A8C /* MTMsgDetailedInfoMessage.h */,
				836BEC411B3DCC44001D0A8C /* MTMsgDetailedInfoMessage.m */,
				836BEC421B3DCC44001D0A8C /* MTMsgResendReqMessage.h */,
				836BEC431B3DCC44001D0A8C /* MTMsgResendReqMessage.m */,
				836BEC441B3DCC44001D0A8C /* MTMsgsAckMessage.h */,
				836BEC451B3DCC44001D0A8C /* MTMsgsAckMessage.m */,
				836BEC461B3DCC44001D0A8C /* MTMsgsStateInfoMessage.h */,
				836BEC471B3DCC44001D0A8C /* MTMsgsStateInfoMessage.m */,
				836BEC481B3DCC44001D0A8C /* MTMsgsStateReqMessage.h */,
				836BEC491B3DCC44001D0A8C /* MTMsgsStateReqMessage.m */,
				836BEC4A1B3DCC44001D0A8C /* MTNetworkAvailability.h */,
				836BEC4B1B3DCC44001D0A8C /* MTNetworkAvailability.m */,
				836BEC4C1B3DCC44001D0A8C /* MTNewSessionCreatedMessage.h */,
				836BEC4D1B3DCC44001D0A8C /* MTNewSessionCreatedMessage.m */,
				836BEC4E1B3DCC44001D0A8C /* MTOutgoingMessage.h */,
				836BEC4F1B3DCC44001D0A8C /* MTOutgoingMessage.m */,
				836BEC501B3DCC44001D0A8C /* MTOutputStream.h */,
				836BEC511B3DCC44001D0A8C /* MTOutputStream.m */,
				836BEC521B3DCC44001D0A8C /* MTPingMessage.h */,
				836BEC531B3DCC44001D0A8C /* MTPingMessage.m */,
				836BEC541B3DCC44001D0A8C /* MTPongMessage.h */,
				836BEC551B3DCC44001D0A8C /* MTPongMessage.m */,
				836BEC561B3DCC44001D0A8C /* MTPreparedMessage.h */,
				836BEC571B3DCC44001D0A8C /* MTPreparedMessage.m */,
				836BEC581B3DCC44001D0A8C /* MTProto.h */,
				836BEC591B3DCC44001D0A8C /* MTProto.m */,
				836BEC5A1B3DCC44001D0A8C /* MTProtoKit.h */,
				836BEC5B1B3DCC44001D0A8C /* MTQueue.h */,
				836BEC5C1B3DCC44001D0A8C /* MTQueue.m */,
				836BEC5D1B3DCC44001D0A8C /* MTRequest.h */,
				836BEC5E1B3DCC44001D0A8C /* MTRequest.m */,
				836BEC5F1B3DCC44001D0A8C /* MTRequestContext.h */,
				836BEC601B3DCC44001D0A8C /* MTRequestContext.m */,
				836BEC611B3DCC44001D0A8C /* MTRequestErrorContext.h */,
				836BEC621B3DCC44001D0A8C /* MTRequestErrorContext.m */,
				836BEC631B3DCC44001D0A8C /* MTRequestMessageService.h */,
				836BEC641B3DCC44001D0A8C /* MTRequestMessageService.m */,
				836BEC651B3DCC44001D0A8C /* MTResendMessageService.h */,
				836BEC661B3DCC44001D0A8C /* MTResendMessageService.m */,
				836BEC671B3DCC44001D0A8C /* MTResPqMessage.h */,
				836BEC681B3DCC44001D0A8C /* MTResPqMessage.m */,
				836BEC691B3DCC44001D0A8C /* MTRpcError.h */,
				836BEC6A1B3DCC44001D0A8C /* MTRpcError.m */,
				836BEC6B1B3DCC44001D0A8C /* MTRpcResultMessage.h */,
				836BEC6C1B3DCC44001D0A8C /* MTRpcResultMessage.m */,
				836BEC6D1B3DCC44001D0A8C /* MTSerialization.h */,
				836BEC6E1B3DCC44001D0A8C /* MTServerDhInnerDataMessage.h */,
				836BEC6F1B3DCC44001D0A8C /* MTServerDhInnerDataMessage.m */,
				836BEC701B3DCC44001D0A8C /* MTServerDhParamsMessage.h */,
				836BEC711B3DCC44001D0A8C /* MTServerDhParamsMessage.m */,
				836BEC721B3DCC44001D0A8C /* MTSessionInfo.h */,
				836BEC731B3DCC44001D0A8C /* MTSessionInfo.m */,
				836BEC741B3DCC44001D0A8C /* MTSetClientDhParamsResponseMessage.h */,
				836BEC751B3DCC44001D0A8C /* MTSetClientDhParamsResponseMessage.m */,
				836BEC761B3DCC44001D0A8C /* MTTcpConnection.h */,
				836BEC771B3DCC44001D0A8C /* MTTcpConnection.m */,
				836BEC781B3DCC44001D0A8C /* MTTcpConnectionBehaviour.h */,
				836BEC791B3DCC44001D0A8C /* MTTcpConnectionBehaviour.m */,
				836BEC7A1B3DCC44001D0A8C /* MTTcpTransport.h */,
				836BEC7B1B3DCC44001D0A8C /* MTTcpTransport.m */,
				836BEC7C1B3DCC44001D0A8C /* MTTime.h */,
				836BEC7D1B3DCC44001D0A8C /* MTTime.m */,
				836BEC7E1B3DCC44001D0A8C /* MTTimeFixContext.h */,
				836BEC7F1B3DCC44001D0A8C /* MTTimeFixContext.m */,
				836BEC801B3DCC44001D0A8C /* MTTimer.h */,
				836BEC811B3DCC44001D0A8C /* MTTimer.m */,
				836BEC821B3DCC44001D0A8C /* MTTimeSyncMessageService.h */,
				836BEC831B3DCC44001D0A8C /* MTTimeSyncMessageService.m */,
				836BEC841B3DCC44001D0A8C /* MTTransport.h */,
				836BEC851B3DCC44001D0A8C /* MTTransport.m */,
				836BEC861B3DCC44001D0A8C /* MTTransportScheme.h */,
				836BEC871B3DCC44001D0A8C /* MTTransportScheme.m */,
				836BEC881B3DCC44001D0A8C /* MTTransportTransaction.h */,
				836BEC891B3DCC44001D0A8C /* MTTransportTransaction.m */,
				836BEC8A1B3DCC44001D0A8C /* vendor */,
			);
			name = CocoaMTProtoKit;
			path = CocoaMTProto/CocoaMTProtoKit;
			sourceTree = "<group>";
		};
		836BEC8A1B3DCC44001D0A8C /* vendor */ = {
			isa = PBXGroup;
			children = (
				836BEC8B1B3DCC44001D0A8C /* AFNetworking */,
				836BEC951B3DCC44001D0A8C /* AsyncSocket */,
			);
			path = vendor;
			sourceTree = "<group>";
		};
		836BEC8B1B3DCC44001D0A8C /* AFNetworking */ = {
			isa = PBXGroup;
			children = (
				836BEC8C1B3DCC44001D0A8C /* AFHTTPClient.h */,
				836BEC8D1B3DCC44001D0A8C /* AFHTTPClient.m */,
				836BEC8E1B3DCC44001D0A8C /* AFHTTPRequestOperation.h */,
				836BEC8F1B3DCC44001D0A8C /* AFHTTPRequestOperation.m */,
				836BEC901B3DCC44001D0A8C /* AFJSONUtilities.h */,
				836BEC911B3DCC44001D0A8C /* AFJSONUtilities.m */,
				836BEC921B3DCC44001D0A8C /* AFNetworking.h */,
				836BEC931B3DCC44001D0A8C /* AFURLConnectionOperation.h */,
				836BEC941B3DCC44001D0A8C /* AFURLConnectionOperation.m */,
			);
			path = AFNetworking;
			sourceTree = "<group>";
		};
		836BEC951B3DCC44001D0A8C /* AsyncSocket */ = {
			isa = PBXGroup;
			children = (
				836BEC961B3DCC44001D0A8C /* GCDAsyncSocket.h */,
				836BEC971B3DCC44001D0A8C /* GCDAsyncSocket.m */,
			);
			path = AsyncSocket;
			sourceTree = "<group>";
		};
		83A778D11B3DA1150067DC65 = {
			isa = PBXGroup;
			children = (
				836BED361B3DCCD4001D0A8C /* SSignalKit.framework */,
				836BEBF81B3DCC44001D0A8C /* CocoaMTProtoKit */,
				83A77A3B1B3DC4940067DC65 /* libcrypto.dylib */,
				83A77A391B3DC4850067DC65 /* libz.dylib */,
				83A77A351B3DC3600067DC65 /* Security.framework */,
				83A778DD1B3DA1150067DC65 /* CocoaMTProto */,
				83A778EA1B3DA1150067DC65 /* CocoaMTProtoTests */,
				83A778DC1B3DA1150067DC65 /* Products */,
			);
			sourceTree = "<group>";
		};
		83A778DC1B3DA1150067DC65 /* Products */ = {
			isa = PBXGroup;
			children = (
				83A778DB1B3DA1150067DC65 /* CocoaMTProto.framework */,
				83A778E61B3DA1150067DC65 /* CocoaMTProtoTests.xctest */,
			);
			name = Products;
			sourceTree = "<group>";
		};
		83A778DD1B3DA1150067DC65 /* CocoaMTProto */ = {
			isa = PBXGroup;
			children = (
				83A778E01B3DA1150067DC65 /* CocoaMTProto.h */,
				83A778DE1B3DA1150067DC65 /* Supporting Files */,
			);
			path = CocoaMTProto;
			sourceTree = "<group>";
		};
		83A778DE1B3DA1150067DC65 /* Supporting Files */ = {
			isa = PBXGroup;
			children = (
				83A778DF1B3DA1150067DC65 /* Info.plist */,
			);
			name = "Supporting Files";
			sourceTree = "<group>";
		};
		83A778EA1B3DA1150067DC65 /* CocoaMTProtoTests */ = {
			isa = PBXGroup;
			children = (
				83A778ED1B3DA1150067DC65 /* CocoaMTProtoTests.m */,
				83A778EB1B3DA1150067DC65 /* Supporting Files */,
			);
			path = CocoaMTProtoTests;
			sourceTree = "<group>";
		};
		83A778EB1B3DA1150067DC65 /* Supporting Files */ = {
			isa = PBXGroup;
			children = (
				83A778EC1B3DA1150067DC65 /* Info.plist */,
			);
			name = "Supporting Files";
			sourceTree = "<group>";
		};
/* End PBXGroup section */

/* Begin PBXHeadersBuildPhase section */
		83A778D81B3DA1150067DC65 /* Headers */ = {
			isa = PBXHeadersBuildPhase;
			buildActionMask = 2147483647;
			files = (
				836BECEF1B3DCC44001D0A8C /* MTOutputStream.h in Headers */,
				836BECAD1B3DCC44001D0A8C /* MTDatacenterAuthMessageService.h in Headers */,
				836BED291B3DCC44001D0A8C /* AFHTTPClient.h in Headers */,
				836BECC91B3DCC44001D0A8C /* MTIncomingMessage.h in Headers */,
				836BED211B3DCC44001D0A8C /* MTTimeSyncMessageService.h in Headers */,
				836BED131B3DCC44001D0A8C /* MTSetClientDhParamsResponseMessage.h in Headers */,
				836BED081B3DCC44001D0A8C /* MTRpcError.h in Headers */,
				836BECE11B3DCC44001D0A8C /* MTMsgResendReqMessage.h in Headers */,
				836BED0D1B3DCC44001D0A8C /* MTServerDhInnerDataMessage.h in Headers */,
				836BECAF1B3DCC44001D0A8C /* MTDatacenterSaltInfo.h in Headers */,
				836BECA71B3DCC44001D0A8C /* MTDatacenterAddressSet.h in Headers */,
				836BEC991B3DCC44001D0A8C /* MTApiEnvironment.h in Headers */,
				836BECDF1B3DCC44001D0A8C /* MTMsgDetailedInfoMessage.h in Headers */,
				836BECB71B3DCC44001D0A8C /* MTDiscoverDatacenterAddressAction.h in Headers */,
				836BED061B3DCC44001D0A8C /* MTResPqMessage.h in Headers */,
				836BED041B3DCC44001D0A8C /* MTResendMessageService.h in Headers */,
				836BECE71B3DCC44001D0A8C /* MTMsgsStateReqMessage.h in Headers */,
				836BED191B3DCC44001D0A8C /* MTTcpTransport.h in Headers */,
				836BECF51B3DCC44001D0A8C /* MTPreparedMessage.h in Headers */,
				836BED251B3DCC44001D0A8C /* MTTransportScheme.h in Headers */,
				836BED321B3DCC45001D0A8C /* GCDAsyncSocket.h in Headers */,
				836BECD61B3DCC44001D0A8C /* MTMessageEncryptionKey.h in Headers */,
				836BECC71B3DCC44001D0A8C /* MTHttpWorkerBehaviour.h in Headers */,
				836BECD41B3DCC44001D0A8C /* MTMessage.h in Headers */,
				836BECE51B3DCC44001D0A8C /* MTMsgsStateInfoMessage.h in Headers */,
				836BED2B1B3DCC45001D0A8C /* AFHTTPRequestOperation.h in Headers */,
				836BECDB1B3DCC44001D0A8C /* MTMsgAllInfoMessage.h in Headers */,
				836BECB51B3DCC44001D0A8C /* MTDiscoverConnectionSignals.h in Headers */,
				836BECBF1B3DCC44001D0A8C /* MTExportedAuthorizationData.h in Headers */,
				836BECDD1B3DCC44001D0A8C /* MTMsgContainerMessage.h in Headers */,
				836BECD01B3DCC44001D0A8C /* MTKeychain.h in Headers */,
				836BED2D1B3DCC45001D0A8C /* AFJSONUtilities.h in Headers */,
				836BED151B3DCC44001D0A8C /* MTTcpConnection.h in Headers */,
				836BED271B3DCC44001D0A8C /* MTTransportTransaction.h in Headers */,
				836BECA11B3DCC44001D0A8C /* MTContext.h in Headers */,
				836BECE91B3DCC44001D0A8C /* MTNetworkAvailability.h in Headers */,
				83A778E11B3DA1150067DC65 /* CocoaMTProto.h in Headers */,
				836BECB11B3DCC44001D0A8C /* MTDatacenterTransferAuthAction.h in Headers */,
				836BECBB1B3DCC44001D0A8C /* MTDropRpcResultMessage.h in Headers */,
				836BECAB1B3DCC44001D0A8C /* MTDatacenterAuthInfo.h in Headers */,
				836BECCB1B3DCC44001D0A8C /* MTInputStream.h in Headers */,
				836BECFE1B3DCC44001D0A8C /* MTRequestContext.h in Headers */,
				836BED231B3DCC44001D0A8C /* MTTransport.h in Headers */,
				836BED0F1B3DCC44001D0A8C /* MTServerDhParamsMessage.h in Headers */,
				836BED1D1B3DCC44001D0A8C /* MTTimeFixContext.h in Headers */,
				836BED1F1B3DCC44001D0A8C /* MTTimer.h in Headers */,
				836BECD21B3DCC44001D0A8C /* MTLogging.h in Headers */,
				836BECED1B3DCC44001D0A8C /* MTOutgoingMessage.h in Headers */,
				836BECCE1B3DCC44001D0A8C /* MTInternalMessageParser.h in Headers */,
				836BED001B3DCC44001D0A8C /* MTRequestErrorContext.h in Headers */,
				836BECA51B3DCC44001D0A8C /* MTDatacenterAddressListData.h in Headers */,
				836BED0A1B3DCC44001D0A8C /* MTRpcResultMessage.h in Headers */,
				836BECD81B3DCC44001D0A8C /* MTMessageService.h in Headers */,
				836BECF31B3DCC44001D0A8C /* MTPongMessage.h in Headers */,
				836BECFA1B3DCC44001D0A8C /* MTQueue.h in Headers */,
				836BECBD1B3DCC44001D0A8C /* MTEncryption.h in Headers */,
				836BED2F1B3DCC45001D0A8C /* AFNetworking.h in Headers */,
				836BEC9B1B3DCC44001D0A8C /* MTBadMsgNotificationMessage.h in Headers */,
				836BECC31B3DCC44001D0A8C /* MTHttpTransport.h in Headers */,
				836BED0C1B3DCC44001D0A8C /* MTSerialization.h in Headers */,
				836BED301B3DCC45001D0A8C /* AFURLConnectionOperation.h in Headers */,
				836BED021B3DCC44001D0A8C /* MTRequestMessageService.h in Headers */,
				836BED171B3DCC44001D0A8C /* MTTcpConnectionBehaviour.h in Headers */,
				836BECD91B3DCC44001D0A8C /* MTMessageTransaction.h in Headers */,
				836BEC9D1B3DCC44001D0A8C /* MTBuffer.h in Headers */,
				836BECFC1B3DCC44001D0A8C /* MTRequest.h in Headers */,
				836BECEB1B3DCC44001D0A8C /* MTNewSessionCreatedMessage.h in Headers */,
				836BECB91B3DCC44001D0A8C /* MTDropResponseContext.h in Headers */,
				836BECA31B3DCC44001D0A8C /* MTDatacenterAddress.h in Headers */,
				836BED1B1B3DCC44001D0A8C /* MTTime.h in Headers */,
				836BECC11B3DCC44001D0A8C /* MTFutureSaltsMessage.h in Headers */,
				836BED111B3DCC44001D0A8C /* MTSessionInfo.h in Headers */,
				836BECB31B3DCC44001D0A8C /* MTDestroySessionResponseMessage.h in Headers */,
				836BECA91B3DCC44001D0A8C /* MTDatacenterAuthAction.h in Headers */,
				836BEC9F1B3DCC44001D0A8C /* MTBufferReader.h in Headers */,
				836BECF91B3DCC44001D0A8C /* MTProtoKit.h in Headers */,
				836BECC51B3DCC44001D0A8C /* MTHttpWorker.h in Headers */,
				836BECF71B3DCC44001D0A8C /* MTProto.h in Headers */,
				836BECCD1B3DCC44001D0A8C /* MTInternalId.h in Headers */,
				836BECF11B3DCC44001D0A8C /* MTPingMessage.h in Headers */,
				836BECE31B3DCC44001D0A8C /* MTMsgsAckMessage.h in Headers */,
			);
			runOnlyForDeploymentPostprocessing = 0;
		};
/* End PBXHeadersBuildPhase section */

/* Begin PBXNativeTarget section */
		83A778DA1B3DA1150067DC65 /* CocoaMTProto */ = {
			isa = PBXNativeTarget;
			buildConfigurationList = 83A778F11B3DA1150067DC65 /* Build configuration list for PBXNativeTarget "CocoaMTProto" */;
			buildPhases = (
				83A778D61B3DA1150067DC65 /* Sources */,
				83A778D71B3DA1150067DC65 /* Frameworks */,
				83A778D81B3DA1150067DC65 /* Headers */,
				83A778D91B3DA1150067DC65 /* Resources */,
			);
			buildRules = (
			);
			dependencies = (
			);
			name = CocoaMTProto;
			productName = CocoaMTProto;
			productReference = 83A778DB1B3DA1150067DC65 /* CocoaMTProto.framework */;
			productType = "com.apple.product-type.framework";
		};
		83A778E51B3DA1150067DC65 /* CocoaMTProtoTests */ = {
			isa = PBXNativeTarget;
			buildConfigurationList = 83A778F41B3DA1150067DC65 /* Build configuration list for PBXNativeTarget "CocoaMTProtoTests" */;
			buildPhases = (
				83A778E21B3DA1150067DC65 /* Sources */,
				83A778E31B3DA1150067DC65 /* Frameworks */,
				83A778E41B3DA1150067DC65 /* Resources */,
			);
			buildRules = (
			);
			dependencies = (
				83A778E91B3DA1150067DC65 /* PBXTargetDependency */,
			);
			name = CocoaMTProtoTests;
			productName = CocoaMTProtoTests;
			productReference = 83A778E61B3DA1150067DC65 /* CocoaMTProtoTests.xctest */;
			productType = "com.apple.product-type.bundle.unit-test";
		};
/* End PBXNativeTarget section */

/* Begin PBXProject section */
		83A778D21B3DA1150067DC65 /* Project object */ = {
			isa = PBXProject;
			attributes = {
				LastUpgradeCheck = 0630;
				ORGANIZATIONNAME = TongGuo;
				TargetAttributes = {
					83A778DA1B3DA1150067DC65 = {
						CreatedOnToolsVersion = 6.4;
					};
					83A778E51B3DA1150067DC65 = {
						CreatedOnToolsVersion = 6.4;
					};
				};
			};
			buildConfigurationList = 83A778D51B3DA1150067DC65 /* Build configuration list for PBXProject "CocoaMTProto" */;
			compatibilityVersion = "Xcode 3.2";
			developmentRegion = English;
			hasScannedForEncodings = 0;
			knownRegions = (
				en,
			);
			mainGroup = 83A778D11B3DA1150067DC65;
			productRefGroup = 83A778DC1B3DA1150067DC65 /* Products */;
			projectDirPath = "";
			projectRoot = "";
			targets = (
				83A778DA1B3DA1150067DC65 /* CocoaMTProto */,
				83A778E51B3DA1150067DC65 /* CocoaMTProtoTests */,
			);
		};
/* End PBXProject section */

/* Begin PBXResourcesBuildPhase section */
		83A778D91B3DA1150067DC65 /* Resources */ = {
			isa = PBXResourcesBuildPhase;
			buildActionMask = 2147483647;
			files = (
				836BEC981B3DCC44001D0A8C /* Info.plist in Resources */,
			);
			runOnlyForDeploymentPostprocessing = 0;
		};
		83A778E41B3DA1150067DC65 /* Resources */ = {
			isa = PBXResourcesBuildPhase;
			buildActionMask = 2147483647;
			files = (
			);
			runOnlyForDeploymentPostprocessing = 0;
		};
/* End PBXResourcesBuildPhase section */

/* Begin PBXSourcesBuildPhase section */
		83A778D61B3DA1150067DC65 /* Sources */ = {
			isa = PBXSourcesBuildPhase;
			buildActionMask = 2147483647;
			files = (
				836BECA41B3DCC44001D0A8C /* MTDatacenterAddress.m in Sources */,
				836BED1E1B3DCC44001D0A8C /* MTTimeFixContext.m in Sources */,
				836BED0E1B3DCC44001D0A8C /* MTServerDhInnerDataMessage.m in Sources */,
				836BECFD1B3DCC44001D0A8C /* MTRequest.m in Sources */,
				836BECB01B3DCC44001D0A8C /* MTDatacenterSaltInfo.m in Sources */,
				836BED261B3DCC44001D0A8C /* MTTransportScheme.m in Sources */,
				836BED331B3DCC45001D0A8C /* GCDAsyncSocket.m in Sources */,
				836BECAC1B3DCC44001D0A8C /* MTDatacenterAuthInfo.m in Sources */,
				836BED011B3DCC44001D0A8C /* MTRequestErrorContext.m in Sources */,
				836BECC01B3DCC44001D0A8C /* MTExportedAuthorizationData.m in Sources */,
				836BED281B3DCC44001D0A8C /* MTTransportTransaction.m in Sources */,
				836BED091B3DCC44001D0A8C /* MTRpcError.m in Sources */,
				836BED071B3DCC44001D0A8C /* MTResPqMessage.m in Sources */,
				836BECD11B3DCC44001D0A8C /* MTKeychain.m in Sources */,
				836BECB41B3DCC44001D0A8C /* MTDestroySessionResponseMessage.m in Sources */,
				836BECCC1B3DCC44001D0A8C /* MTInputStream.m in Sources */,
				836BECE41B3DCC44001D0A8C /* MTMsgsAckMessage.m in Sources */,
				836BECEE1B3DCC44001D0A8C /* MTOutgoingMessage.m in Sources */,
				836BED2E1B3DCC45001D0A8C /* AFJSONUtilities.m in Sources */,
				836BECAE1B3DCC44001D0A8C /* MTDatacenterAuthMessageService.m in Sources */,
				836BECFB1B3DCC44001D0A8C /* MTQueue.m in Sources */,
				836BECF21B3DCC44001D0A8C /* MTPingMessage.m in Sources */,
				836BED241B3DCC44001D0A8C /* MTTransport.m in Sources */,
				836BECE21B3DCC44001D0A8C /* MTMsgResendReqMessage.m in Sources */,
				836BECB81B3DCC44001D0A8C /* MTDiscoverDatacenterAddressAction.m in Sources */,
				836BED1C1B3DCC44001D0A8C /* MTTime.m in Sources */,
				836BED031B3DCC44001D0A8C /* MTRequestMessageService.m in Sources */,
				836BED051B3DCC44001D0A8C /* MTResendMessageService.m in Sources */,
				836BECCA1B3DCC44001D0A8C /* MTIncomingMessage.m in Sources */,
				836BECA81B3DCC44001D0A8C /* MTDatacenterAddressSet.m in Sources */,
				836BED141B3DCC44001D0A8C /* MTSetClientDhParamsResponseMessage.m in Sources */,
				836BED101B3DCC44001D0A8C /* MTServerDhParamsMessage.m in Sources */,
				836BECC41B3DCC44001D0A8C /* MTHttpTransport.m in Sources */,
				836BECA21B3DCC44001D0A8C /* MTContext.m in Sources */,
				836BECD71B3DCC44001D0A8C /* MTMessageEncryptionKey.m in Sources */,
				836BED221B3DCC44001D0A8C /* MTTimeSyncMessageService.m in Sources */,
				836BECEA1B3DCC44001D0A8C /* MTNetworkAvailability.m in Sources */,
				836BED1A1B3DCC44001D0A8C /* MTTcpTransport.m in Sources */,
				836BED2C1B3DCC45001D0A8C /* AFHTTPRequestOperation.m in Sources */,
				836BECC81B3DCC44001D0A8C /* MTHttpWorkerBehaviour.m in Sources */,
				836BECE81B3DCC44001D0A8C /* MTMsgsStateReqMessage.m in Sources */,
				836BED201B3DCC44001D0A8C /* MTTimer.m in Sources */,
				836BECE01B3DCC44001D0A8C /* MTMsgDetailedInfoMessage.m in Sources */,
				836BECBE1B3DCC44001D0A8C /* MTEncryption.m in Sources */,
				836BECA61B3DCC44001D0A8C /* MTDatacenterAddressListData.m in Sources */,
				836BED181B3DCC44001D0A8C /* MTTcpConnectionBehaviour.m in Sources */,
				836BECFF1B3DCC44001D0A8C /* MTRequestContext.m in Sources */,
				836BEC9A1B3DCC44001D0A8C /* MTApiEnvironment.m in Sources */,
				836BECB21B3DCC44001D0A8C /* MTDatacenterTransferAuthAction.m in Sources */,
				836BECBA1B3DCC44001D0A8C /* MTDropResponseContext.m in Sources */,
				836BECA01B3DCC44001D0A8C /* MTBufferReader.m in Sources */,
				836BECF41B3DCC44001D0A8C /* MTPongMessage.m in Sources */,
				836BECF01B3DCC44001D0A8C /* MTOutputStream.m in Sources */,
				836BED161B3DCC44001D0A8C /* MTTcpConnection.m in Sources */,
				836BECD31B3DCC44001D0A8C /* MTLogging.m in Sources */,
				836BECF61B3DCC44001D0A8C /* MTPreparedMessage.m in Sources */,
				836BEC9E1B3DCC44001D0A8C /* MTBuffer.m in Sources */,
				836BED311B3DCC45001D0A8C /* AFURLConnectionOperation.m in Sources */,
				836BED0B1B3DCC44001D0A8C /* MTRpcResultMessage.m in Sources */,
				836BECC61B3DCC44001D0A8C /* MTHttpWorker.m in Sources */,
				836BEC9C1B3DCC44001D0A8C /* MTBadMsgNotificationMessage.m in Sources */,
				836BECCF1B3DCC44001D0A8C /* MTInternalMessageParser.m in Sources */,
				836BECDE1B3DCC44001D0A8C /* MTMsgContainerMessage.m in Sources */,
				836BECAA1B3DCC44001D0A8C /* MTDatacenterAuthAction.m in Sources */,
				836BECD51B3DCC44001D0A8C /* MTMessage.m in Sources */,
				836BECE61B3DCC44001D0A8C /* MTMsgsStateInfoMessage.m in Sources */,
				836BECC21B3DCC44001D0A8C /* MTFutureSaltsMessage.m in Sources */,
				836BECF81B3DCC44001D0A8C /* MTProto.m in Sources */,
				836BECEC1B3DCC44001D0A8C /* MTNewSessionCreatedMessage.m in Sources */,
				836BED2A1B3DCC45001D0A8C /* AFHTTPClient.m in Sources */,
				836BECDA1B3DCC44001D0A8C /* MTMessageTransaction.m in Sources */,
				836BECDC1B3DCC44001D0A8C /* MTMsgAllInfoMessage.m in Sources */,
				836BECBC1B3DCC44001D0A8C /* MTDropRpcResultMessage.m in Sources */,
				836BECB61B3DCC44001D0A8C /* MTDiscoverConnectionSignals.m in Sources */,
				836BED121B3DCC44001D0A8C /* MTSessionInfo.m in Sources */,
			);
			runOnlyForDeploymentPostprocessing = 0;
		};
		83A778E21B3DA1150067DC65 /* Sources */ = {
			isa = PBXSourcesBuildPhase;
			buildActionMask = 2147483647;
			files = (
				83A778EE1B3DA1150067DC65 /* CocoaMTProtoTests.m in Sources */,
			);
			runOnlyForDeploymentPostprocessing = 0;
		};
/* End PBXSourcesBuildPhase section */

/* Begin PBXTargetDependency section */
		83A778E91B3DA1150067DC65 /* PBXTargetDependency */ = {
			isa = PBXTargetDependency;
			target = 83A778DA1B3DA1150067DC65 /* CocoaMTProto */;
			targetProxy = 83A778E81B3DA1150067DC65 /* PBXContainerItemProxy */;
		};
/* End PBXTargetDependency section */

/* Begin XCBuildConfiguration section */
		83A778EF1B3DA1150067DC65 /* Debug */ = {
			isa = XCBuildConfiguration;
			buildSettings = {
				ALWAYS_SEARCH_USER_PATHS = NO;
				CLANG_CXX_LANGUAGE_STANDARD = "gnu++0x";
				CLANG_CXX_LIBRARY = "libc++";
				CLANG_ENABLE_MODULES = YES;
				CLANG_ENABLE_OBJC_ARC = YES;
				CLANG_WARN_BOOL_CONVERSION = YES;
				CLANG_WARN_CONSTANT_CONVERSION = YES;
				CLANG_WARN_DIRECT_OBJC_ISA_USAGE = YES_ERROR;
				CLANG_WARN_EMPTY_BODY = YES;
				CLANG_WARN_ENUM_CONVERSION = YES;
				CLANG_WARN_INT_CONVERSION = YES;
				CLANG_WARN_OBJC_ROOT_CLASS = YES_ERROR;
				CLANG_WARN_UNREACHABLE_CODE = YES;
				CLANG_WARN__DUPLICATE_METHOD_MATCH = YES;
				COPY_PHASE_STRIP = NO;
				CURRENT_PROJECT_VERSION = 1;
				DEBUG_INFORMATION_FORMAT = dwarf;
				ENABLE_STRICT_OBJC_MSGSEND = YES;
				GCC_C_LANGUAGE_STANDARD = gnu99;
				GCC_DYNAMIC_NO_PIC = NO;
				GCC_NO_COMMON_BLOCKS = YES;
				GCC_OPTIMIZATION_LEVEL = 0;
				GCC_PREPROCESSOR_DEFINITIONS = (
					"DEBUG=1",
					"$(inherited)",
				);
				GCC_SYMBOLS_PRIVATE_EXTERN = NO;
				GCC_WARN_64_TO_32_BIT_CONVERSION = YES;
				GCC_WARN_ABOUT_RETURN_TYPE = YES_ERROR;
				GCC_WARN_UNDECLARED_SELECTOR = YES;
				GCC_WARN_UNINITIALIZED_AUTOS = YES_AGGRESSIVE;
				GCC_WARN_UNUSED_FUNCTION = YES;
				GCC_WARN_UNUSED_VARIABLE = YES;
				MACOSX_DEPLOYMENT_TARGET = 10.10;
				MTL_ENABLE_DEBUG_INFO = YES;
				ONLY_ACTIVE_ARCH = YES;
				SDKROOT = macosx;
				VERSIONING_SYSTEM = "apple-generic";
				VERSION_INFO_PREFIX = "";
			};
			name = Debug;
		};
		83A778F01B3DA1150067DC65 /* Release */ = {
			isa = XCBuildConfiguration;
			buildSettings = {
				ALWAYS_SEARCH_USER_PATHS = NO;
				CLANG_CXX_LANGUAGE_STANDARD = "gnu++0x";
				CLANG_CXX_LIBRARY = "libc++";
				CLANG_ENABLE_MODULES = YES;
				CLANG_ENABLE_OBJC_ARC = YES;
				CLANG_WARN_BOOL_CONVERSION = YES;
				CLANG_WARN_CONSTANT_CONVERSION = YES;
				CLANG_WARN_DIRECT_OBJC_ISA_USAGE = YES_ERROR;
				CLANG_WARN_EMPTY_BODY = YES;
				CLANG_WARN_ENUM_CONVERSION = YES;
				CLANG_WARN_INT_CONVERSION = YES;
				CLANG_WARN_OBJC_ROOT_CLASS = YES_ERROR;
				CLANG_WARN_UNREACHABLE_CODE = YES;
				CLANG_WARN__DUPLICATE_METHOD_MATCH = YES;
				COPY_PHASE_STRIP = NO;
				CURRENT_PROJECT_VERSION = 1;
				DEBUG_INFORMATION_FORMAT = "dwarf-with-dsym";
				ENABLE_NS_ASSERTIONS = NO;
				ENABLE_STRICT_OBJC_MSGSEND = YES;
				GCC_C_LANGUAGE_STANDARD = gnu99;
				GCC_NO_COMMON_BLOCKS = YES;
				GCC_WARN_64_TO_32_BIT_CONVERSION = YES;
				GCC_WARN_ABOUT_RETURN_TYPE = YES_ERROR;
				GCC_WARN_UNDECLARED_SELECTOR = YES;
				GCC_WARN_UNINITIALIZED_AUTOS = YES_AGGRESSIVE;
				GCC_WARN_UNUSED_FUNCTION = YES;
				GCC_WARN_UNUSED_VARIABLE = YES;
				MACOSX_DEPLOYMENT_TARGET = 10.10;
				MTL_ENABLE_DEBUG_INFO = NO;
				SDKROOT = macosx;
				VERSIONING_SYSTEM = "apple-generic";
				VERSION_INFO_PREFIX = "";
			};
			name = Release;
		};
		83A778F21B3DA1150067DC65 /* Debug */ = {
			isa = XCBuildConfiguration;
			buildSettings = {
				COMBINE_HIDPI_IMAGES = YES;
				DEFINES_MODULE = YES;
				DYLIB_COMPATIBILITY_VERSION = 1;
				DYLIB_CURRENT_VERSION = 1;
				DYLIB_INSTALL_NAME_BASE = "@rpath";
				FRAMEWORK_SEARCH_PATHS = (
					"$(inherited)",
					/Users/EsquireTongG/Xcode,
					Derived,
					"Data/SSignalKit-bztouugauuqzysgsmjsfbauvgxiy/Build/Products/Release-iphonesimulator",
					/Users/EsquireTongG/Xcode,
					Derived,
					"Data/SSignalKit-bztouugauuqzysgsmjsfbauvgxiy/Build/Products/Release-iphonesimulator",
					"$(PROJECT_DIR)/CocoaMTProto/CocoaMTProtoKit/vendor/SSignalKit",
				);
				FRAMEWORK_VERSION = A;
				INFOPLIST_FILE = CocoaMTProto/Info.plist;
				INSTALL_PATH = "$(LOCAL_LIBRARY_DIR)/Frameworks";
				LD_RUNPATH_SEARCH_PATHS = "$(inherited) @executable_path/../Frameworks @loader_path/Frameworks";
				LIBRARY_SEARCH_PATHS = (
					"$(inherited)",
					/Users/EsquireTongG/Xcode,
					Derived,
					"Data/Telegram-bcptwmrgkdctbefveouqtrpsrdyk/Build/Products/Debug",
				);
				PRODUCT_NAME = "$(TARGET_NAME)";
				SKIP_INSTALL = YES;
			};
			name = Debug;
		};
		83A778F31B3DA1150067DC65 /* Release */ = {
			isa = XCBuildConfiguration;
			buildSettings = {
				COMBINE_HIDPI_IMAGES = YES;
				DEFINES_MODULE = YES;
				DYLIB_COMPATIBILITY_VERSION = 1;
				DYLIB_CURRENT_VERSION = 1;
				DYLIB_INSTALL_NAME_BASE = "@rpath";
				FRAMEWORK_SEARCH_PATHS = (
					"$(inherited)",
					/Users/EsquireTongG/Xcode,
					Derived,
					"Data/SSignalKit-bztouugauuqzysgsmjsfbauvgxiy/Build/Products/Release-iphonesimulator",
					/Users/EsquireTongG/Xcode,
					Derived,
					"Data/SSignalKit-bztouugauuqzysgsmjsfbauvgxiy/Build/Products/Release-iphonesimulator",
					"$(PROJECT_DIR)/CocoaMTProto/CocoaMTProtoKit/vendor/SSignalKit",
				);
				FRAMEWORK_VERSION = A;
				INFOPLIST_FILE = CocoaMTProto/Info.plist;
				INSTALL_PATH = "$(LOCAL_LIBRARY_DIR)/Frameworks";
				LD_RUNPATH_SEARCH_PATHS = "$(inherited) @executable_path/../Frameworks @loader_path/Frameworks";
				LIBRARY_SEARCH_PATHS = (
					"$(inherited)",
					/Users/EsquireTongG/Xcode,
					Derived,
					"Data/Telegram-bcptwmrgkdctbefveouqtrpsrdyk/Build/Products/Debug",
				);
				PRODUCT_NAME = "$(TARGET_NAME)";
				SKIP_INSTALL = YES;
			};
			name = Release;
		};
		83A778F51B3DA1150067DC65 /* Debug */ = {
			isa = XCBuildConfiguration;
			buildSettings = {
				COMBINE_HIDPI_IMAGES = YES;
				FRAMEWORK_SEARCH_PATHS = (
					"$(DEVELOPER_FRAMEWORKS_DIR)",
					"$(inherited)",
				);
				GCC_PREPROCESSOR_DEFINITIONS = (
					"DEBUG=1",
					"$(inherited)",
				);
				INFOPLIST_FILE = CocoaMTProtoTests/Info.plist;
				LD_RUNPATH_SEARCH_PATHS = "$(inherited) @executable_path/../Frameworks @loader_path/../Frameworks";
				PRODUCT_NAME = "$(TARGET_NAME)";
			};
			name = Debug;
		};
		83A778F61B3DA1150067DC65 /* Release */ = {
			isa = XCBuildConfiguration;
			buildSettings = {
				COMBINE_HIDPI_IMAGES = YES;
				FRAMEWORK_SEARCH_PATHS = (
					"$(DEVELOPER_FRAMEWORKS_DIR)",
					"$(inherited)",
				);
				INFOPLIST_FILE = CocoaMTProtoTests/Info.plist;
				LD_RUNPATH_SEARCH_PATHS = "$(inherited) @executable_path/../Frameworks @loader_path/../Frameworks";
				PRODUCT_NAME = "$(TARGET_NAME)";
			};
			name = Release;
		};
/* End XCBuildConfiguration section */

/* Begin XCConfigurationList section */
		83A778D51B3DA1150067DC65 /* Build configuration list for PBXProject "CocoaMTProto" */ = {
			isa = XCConfigurationList;
			buildConfigurations = (
				83A778EF1B3DA1150067DC65 /* Debug */,
				83A778F01B3DA1150067DC65 /* Release */,
			);
			defaultConfigurationIsVisible = 0;
			defaultConfigurationName = Release;
		};
		83A778F11B3DA1150067DC65 /* Build configuration list for PBXNativeTarget "CocoaMTProto" */ = {
			isa = XCConfigurationList;
			buildConfigurations = (
				83A778F21B3DA1150067DC65 /* Debug */,
				83A778F31B3DA1150067DC65 /* Release */,
			);
			defaultConfigurationIsVisible = 0;
			defaultConfigurationName = Release;
		};
		83A778F41B3DA1150067DC65 /* Build configuration list for PBXNativeTarget "CocoaMTProtoTests" */ = {
			isa = XCConfigurationList;
			buildConfigurations = (
				83A778F51B3DA1150067DC65 /* Debug */,
				83A778F61B3DA1150067DC65 /* Release */,
			);
			defaultConfigurationIsVisible = 0;
			defaultConfigurationName = Release;
		};
/* End XCConfigurationList section */
	};
	rootObject = 83A778D21B3DA1150067DC65 /* Project object */;
}
